// !$*UTF8*$!
{
	archiveVersion = 1;
	classes = {
	};
	objectVersion = 77;
	objects = {

/* Begin PBXBuildFile section */
		00F8B17425025E051CF7847D /* SleepContentView.swift in Sources */ = {isa = PBXBuildFile; fileRef = AF6E96ACE20158CCD5C9C45C /* SleepContentView.swift */; };
		023C70A8869B05E34426D7EF /* GoogleSignIn in Frameworks */ = {isa = PBXBuildFile; productRef = 97B7BD478988CD62A0547E98 /* GoogleSignIn */; };
		025AB7E45DF16823E8AA56E5 /* MealEditorView.swift in Sources */ = {isa = PBXBuildFile; fileRef = 3CE784A6E3FC335F901CB868 /* MealEditorView.swift */; };
		02CC6718A049EC5A74E42F43 /* AnalysisView.swift in Sources */ = {isa = PBXBuildFile; fileRef = 366C20FFC5747948E9D5D7BE /* AnalysisView.swift */; };
		02ECA8D32C424288B5CF3D7D /* MealEditorTarget.swift in Sources */ = {isa = PBXBuildFile; fileRef = 0524996CBB59F23CA5FEE7B4 /* MealEditorTarget.swift */; };
		036F8191B693ED73AEE2EE1F /* SleepView.swift in Sources */ = {isa = PBXBuildFile; fileRef = C3DB7CB73A093C9DC4ECC751 /* SleepView.swift */; };
		08BB68CBEF15B06ABC55D36A /* StrongestEffectsBlock.swift in Sources */ = {isa = PBXBuildFile; fileRef = E0B34DD0E83D07C6BDC87A82 /* StrongestEffectsBlock.swift */; };
		0ABAAA711853A9F33C14C750 /* OnboardingDraft.swift in Sources */ = {isa = PBXBuildFile; fileRef = 1C48E27CE5D2A6D84DDE4839 /* OnboardingDraft.swift */; };
		0B06CFCB2C1DF69D7B118B1B /* JournalVariableEditorView.swift in Sources */ = {isa = PBXBuildFile; fileRef = 08C9EE4851DC2732A71F5CA7 /* JournalVariableEditorView.swift */; };
		0B906C3E1355C2848C0FBAEA /* SleepEvidenceView.swift in Sources */ = {isa = PBXBuildFile; fileRef = 58F30841267BAB68184DC9DC /* SleepEvidenceView.swift */; };
		0C430CD4B220B374AAC20997 /* GoogleSignIn in Frameworks */ = {isa = PBXBuildFile; productRef = FF3FC9867A3360936B72E04B /* GoogleSignIn */; };
		0E8F43B9A0547E484710605D /* ExportViewModel.swift in Sources */ = {isa = PBXBuildFile; fileRef = D3A04C295CBF6BB941628873 /* ExportViewModel.swift */; };
		10F28174FB85A8DCD2AA64B9 /* HealthViewModel.swift in Sources */ = {isa = PBXBuildFile; fileRef = 82CB5C0043159BF548CCC05F /* HealthViewModel.swift */; };
		1481FBD405BD1A418D96F6BD /* DayView.swift in Sources */ = {isa = PBXBuildFile; fileRef = 224766560DE9DD880F8B8101 /* DayView.swift */; };
		15EE65F36CE0FDE9E3F85D0B /* SleepHistoryView.swift in Sources */ = {isa = PBXBuildFile; fileRef = 9CC1C2EFC68FE08E8C6D93A2 /* SleepHistoryView.swift */; };
		16018040288AD6E26E50052A /* GoogleAuthenticationSession.swift in Sources */ = {isa = PBXBuildFile; fileRef = 1832D488AEC949F3DBC7F5CC /* GoogleAuthenticationSession.swift */; };
		17103205A11CA20AB35D37C1 /* NativeGoogleAuthCoordinator.swift in Sources */ = {isa = PBXBuildFile; fileRef = 3EC88EE766EF41985ED3279F /* NativeGoogleAuthCoordinator.swift */; };
		19187394B87FFE1385037AA6 /* AppModel.swift in Sources */ = {isa = PBXBuildFile; fileRef = 492A88C4D9678A2D190181FF /* AppModel.swift */; };
		1D24E019051004296FB79015 /* RecoveryView.swift in Sources */ = {isa = PBXBuildFile; fileRef = D542C938708A05448081260E /* RecoveryView.swift */; };
		1FAE0E20DC49147233239076 /* Theme.swift in Sources */ = {isa = PBXBuildFile; fileRef = 4F3029B284D51EBBA0D24E58 /* Theme.swift */; };
		1FE2E72CB816BDFC0A87881D /* ScreenScaffold.swift in Sources */ = {isa = PBXBuildFile; fileRef = EE49280B07228D4794AA3ABF /* ScreenScaffold.swift */; };
		20810F51353BD441509BD635 /* OnboardingView.swift in Sources */ = {isa = PBXBuildFile; fileRef = E62E510865DE03B9B255053E /* OnboardingView.swift */; };
		21A3FDCFE1F9C3C6C19242ED /* RecoveryFactorsView.swift in Sources */ = {isa = PBXBuildFile; fileRef = 0B556D2FFD43188636F24906 /* RecoveryFactorsView.swift */; };
		23AFFFA6A7FDCBBDCABA2B03 /* Supabase in Frameworks */ = {isa = PBXBuildFile; productRef = EDF1499484A4D833A28DEA04 /* Supabase */; };
		2770D220C98F34E717696318 /* ContentStateView.swift in Sources */ = {isa = PBXBuildFile; fileRef = 83CD7BCACDDEB77308BEC82E /* ContentStateView.swift */; };
		27B9CB3CCCD6001B39FDCC9F /* RecoveryMetadataView.swift in Sources */ = {isa = PBXBuildFile; fileRef = 7FC15DF6F3FAF1821181A4A4 /* RecoveryMetadataView.swift */; };
		2A539E2E824A1B132B25E069 /* SleepView.swift in Sources */ = {isa = PBXBuildFile; fileRef = C3DB7CB73A093C9DC4ECC751 /* SleepView.swift */; };
		2C554CCC03B23C2DD166B364 /* SleepStagesView.swift in Sources */ = {isa = PBXBuildFile; fileRef = 18FEF1C739B5E8131DC19F56 /* SleepStagesView.swift */; };
		2D01BE1E83D2B896C791BEF9 /* SomaApp.swift in Sources */ = {isa = PBXBuildFile; fileRef = 1BB15031A0DA5C0CC3F85D31 /* SomaApp.swift */; };
		328FA273D34D5C1712AF2F6C /* AppModel.swift in Sources */ = {isa = PBXBuildFile; fileRef = 492A88C4D9678A2D190181FF /* AppModel.swift */; };
		3418A4FC627B26B30A024666 /* AnalysisRelationList.swift in Sources */ = {isa = PBXBuildFile; fileRef = DFBBF4424741EA3A44C381AA /* AnalysisRelationList.swift */; };
		365B00EE307C428E41491972 /* SleepContentView.swift in Sources */ = {isa = PBXBuildFile; fileRef = AF6E96ACE20158CCD5C9C45C /* SleepContentView.swift */; };
		37F809F02362932220B12A51 /* SettingsRows.swift in Sources */ = {isa = PBXBuildFile; fileRef = C3C22E12B0E7083618BDC870 /* SettingsRows.swift */; };
		3869680A98E8414A2F49118E /* GoogleAuthenticationSession.swift in Sources */ = {isa = PBXBuildFile; fileRef = 1832D488AEC949F3DBC7F5CC /* GoogleAuthenticationSession.swift */; };
		38780C04E4497C05AC3970CF /* Assets.xcassets in Resources */ = {isa = PBXBuildFile; fileRef = 4F56C028536CD5E3AAA0B606 /* Assets.xcassets */; };
		3C0F86898BD7E616F5D68A7F /* DomainInsightsView.swift in Sources */ = {isa = PBXBuildFile; fileRef = 4EF8D471F07D6BE1743DE2B7 /* DomainInsightsView.swift */; };
		3CE7E4BB6D0FD9A3A9BC89AF /* ContentStateView.swift in Sources */ = {isa = PBXBuildFile; fileRef = 83CD7BCACDDEB77308BEC82E /* ContentStateView.swift */; };
		3EC11A10F0CB03CCE8F781B0 /* ScreenScaffold.swift in Sources */ = {isa = PBXBuildFile; fileRef = EE49280B07228D4794AA3ABF /* ScreenScaffold.swift */; };
		41DF69B4636EA3250E234B0C /* StrongestEffectRow.swift in Sources */ = {isa = PBXBuildFile; fileRef = 5467913C668E576E6BE9497D /* StrongestEffectRow.swift */; };
		44190D5494017F084647C798 /* ActivityView.swift in Sources */ = {isa = PBXBuildFile; fileRef = 06CD292F9F511616D2B37913 /* ActivityView.swift */; };
		44607ADED4F9FF27446C6D06 /* SettingsRows.swift in Sources */ = {isa = PBXBuildFile; fileRef = C3C22E12B0E7083618BDC870 /* SettingsRows.swift */; };
		467956225B13ED7A66BC8031 /* MetricTrendContent.swift in Sources */ = {isa = PBXBuildFile; fileRef = 59E3F86652658B0F26CCDF88 /* MetricTrendContent.swift */; };
		47DAB19FFB852EFD9B80E647 /* MetricTrendBlock.swift in Sources */ = {isa = PBXBuildFile; fileRef = 233606C0288A7E90E914E0B0 /* MetricTrendBlock.swift */; };
		49B86C998738E92D7C8A611B /* RemoteMealPhotosView.swift in Sources */ = {isa = PBXBuildFile; fileRef = A3BCF6AD62D2362453BA537D /* RemoteMealPhotosView.swift */; };
		4C99BF3830DE6A0A80025E57 /* RootView.swift in Sources */ = {isa = PBXBuildFile; fileRef = A9579222E401A8B593A9A8E4 /* RootView.swift */; };
		4F790CB4ABBE7208DB015DB5 /* SleepFormatting.swift in Sources */ = {isa = PBXBuildFile; fileRef = 9DC023D4ED12BDAC99527D1A /* SleepFormatting.swift */; };
		4F9405A569DBC1D873E4CDE2 /* RecoveryMetadataView.swift in Sources */ = {isa = PBXBuildFile; fileRef = 7FC15DF6F3FAF1821181A4A4 /* RecoveryMetadataView.swift */; };
		4FD7DF8F362DBB239C206CA1 /* JournalVariableForm.swift in Sources */ = {isa = PBXBuildFile; fileRef = AE3E816A872E4A4FFC6889C2 /* JournalVariableForm.swift */; };
		5344D96F0EEF4B0073A94986 /* DomainIndicatorBlock.swift in Sources */ = {isa = PBXBuildFile; fileRef = 4FDA8D2FF3C6B9EA4AF39968 /* DomainIndicatorBlock.swift */; };
		55DA686EAC3BAFA4CF4E459C /* SleepHistoryView.swift in Sources */ = {isa = PBXBuildFile; fileRef = 9CC1C2EFC68FE08E8C6D93A2 /* SleepHistoryView.swift */; };
		57A5D23E96949E6B1C61F577 /* JournalSectionView.swift in Sources */ = {isa = PBXBuildFile; fileRef = DDB7BB49D178563E16A22148 /* JournalSectionView.swift */; };
		5B19AB7356689DA5604AA323 /* ChartUnavailableView.swift in Sources */ = {isa = PBXBuildFile; fileRef = 4106E0679D38A84DBD108C11 /* ChartUnavailableView.swift */; };
		5ED07A6FD6BCBEDE0ECD66FC /* ChartProvenanceLabel.swift in Sources */ = {isa = PBXBuildFile; fileRef = 8901DBFBD8C53504DBFC2089 /* ChartProvenanceLabel.swift */; };
		609D45E0F0A87953C1E3C375 /* SegmentedBarChartContent.swift in Sources */ = {isa = PBXBuildFile; fileRef = B9CF816E306260A7D246202F /* SegmentedBarChartContent.swift */; };
		6579C7AC1F615B1C2516F68C /* HealthKitReader.swift in Sources */ = {isa = PBXBuildFile; fileRef = 91CB0F4F6DA527488579B96E /* HealthKitReader.swift */; };
		6666584F2FD70D590D0CECAC /* ExportView.swift in Sources */ = {isa = PBXBuildFile; fileRef = C98646E0D474E0229A9FC5E6 /* ExportView.swift */; };
		67DF0ECCEA4E8DDF44D1B90A /* RecoveryView.swift in Sources */ = {isa = PBXBuildFile; fileRef = D542C938708A05448081260E /* RecoveryView.swift */; };
		687742C6418C2657A620F2EA /* TimeSeriesChart.swift in Sources */ = {isa = PBXBuildFile; fileRef = 331437DA34C389557545D653 /* TimeSeriesChart.swift */; };
		6C1FA0BB044D1B97724C241F /* SegmentedBarChart.swift in Sources */ = {isa = PBXBuildFile; fileRef = 8C9012426C1A194AFCC2C759 /* SegmentedBarChart.swift */; };
		6DB0F2B1D9556B2FFC30CA76 /* JournalVariableForm.swift in Sources */ = {isa = PBXBuildFile; fileRef = AE3E816A872E4A4FFC6889C2 /* JournalVariableForm.swift */; };
		6E22D7904BD0127ED11122F0 /* RootView.swift in Sources */ = {isa = PBXBuildFile; fileRef = A9579222E401A8B593A9A8E4 /* RootView.swift */; };
		6FBBEA1A908A90C63FE61DA3 /* AccountDeletionView.swift in Sources */ = {isa = PBXBuildFile; fileRef = 22538519D9BDC92B61625BBA /* AccountDeletionView.swift */; };
		75BA14A8B010510C2062F95C /* AnalysisEffectsChart.swift in Sources */ = {isa = PBXBuildFile; fileRef = AC16BC06BDBBFE0DBA11B74D /* AnalysisEffectsChart.swift */; };
		777F450FFD9EA90020854304 /* HealthViewModel.swift in Sources */ = {isa = PBXBuildFile; fileRef = 82CB5C0043159BF548CCC05F /* HealthViewModel.swift */; };
		798A0757B6F655455A739387 /* RecoverySignalReferenceView.swift in Sources */ = {isa = PBXBuildFile; fileRef = 3CF68D017D6E296D4E9F0744 /* RecoverySignalReferenceView.swift */; };
		7A4BDCB80C3F7772A1C4E3D1 /* MealDateSection.swift in Sources */ = {isa = PBXBuildFile; fileRef = C54ECC4B34519D40BAD4D594 /* MealDateSection.swift */; };
		7AC9A4BF61CC0EDF2720AABA /* HealthView.swift in Sources */ = {isa = PBXBuildFile; fileRef = 95C572AD3F64595D081B86F0 /* HealthView.swift */; };
		7B1FC2FEE59534BBC1DE409A /* JournalFieldRow.swift in Sources */ = {isa = PBXBuildFile; fileRef = E604D0BDFCCE0474DF5FFF91 /* JournalFieldRow.swift */; };
		7B77BBBD7BE99FBF21467813 /* StrongestEffectRow.swift in Sources */ = {isa = PBXBuildFile; fileRef = 5467913C668E576E6BE9497D /* StrongestEffectRow.swift */; };
		834D27005FD99E4347C89F42 /* OnboardingDraft.swift in Sources */ = {isa = PBXBuildFile; fileRef = 1C48E27CE5D2A6D84DDE4839 /* OnboardingDraft.swift */; };
		8483C9E7281638421AF6AFAF /* TimeSeriesChartContent.swift in Sources */ = {isa = PBXBuildFile; fileRef = D2074BD6985058DACE25B157 /* TimeSeriesChartContent.swift */; };
		8534043A59DFA6F9D98CD7D5 /* JournalManagerView.swift in Sources */ = {isa = PBXBuildFile; fileRef = 57CF2671C23F101824648A28 /* JournalManagerView.swift */; };
		85DBED51CF77FCA256740787 /* DomainInsightsView.swift in Sources */ = {isa = PBXBuildFile; fileRef = 4EF8D471F07D6BE1743DE2B7 /* DomainInsightsView.swift */; };
		88FEF3796A977F1431875072 /* NativeGoogleAuthCoordinator.swift in Sources */ = {isa = PBXBuildFile; fileRef = 3EC88EE766EF41985ED3279F /* NativeGoogleAuthCoordinator.swift */; };
		8A69E5E5F21A385ABCBC45F5 /* LoginView.swift in Sources */ = {isa = PBXBuildFile; fileRef = F42CA9D77DB2222DF4BE9806 /* LoginView.swift */; };
		8AA387A1B5873A31D2A14E47 /* DayView.swift in Sources */ = {isa = PBXBuildFile; fileRef = 224766560DE9DD880F8B8101 /* DayView.swift */; };
		9128A984E260F2850458B05B /* StrongestEffectsContent.swift in Sources */ = {isa = PBXBuildFile; fileRef = D3649F189F37F73B851A496E /* StrongestEffectsContent.swift */; };
		924E28F5AE62ED26139BE128 /* ExportViewModel.swift in Sources */ = {isa = PBXBuildFile; fileRef = D3A04C295CBF6BB941628873 /* ExportViewModel.swift */; };
		92D3D1DEEDB70FDC139CA470 /* SleepSummaryView.swift in Sources */ = {isa = PBXBuildFile; fileRef = 9D1F8B0535BCF0ADEFFBF1BA /* SleepSummaryView.swift */; };
		92D5EB145A9AA5E984896CA1 /* MealAnalysisResultView.swift in Sources */ = {isa = PBXBuildFile; fileRef = 9710466D2026975042EA37A5 /* MealAnalysisResultView.swift */; };
		93997233AA09299F99FD6A15 /* SomaApp.swift in Sources */ = {isa = PBXBuildFile; fileRef = 1BB15031A0DA5C0CC3F85D31 /* SomaApp.swift */; };
		94D40FF6271F2117615ACFD7 /* JournalSectionView.swift in Sources */ = {isa = PBXBuildFile; fileRef = DDB7BB49D178563E16A22148 /* JournalSectionView.swift */; };
		960661874553A56D0D829517 /* LoginView.swift in Sources */ = {isa = PBXBuildFile; fileRef = F42CA9D77DB2222DF4BE9806 /* LoginView.swift */; };
		99DB573D099599B98B3E02DD /* SettingsView.swift in Sources */ = {isa = PBXBuildFile; fileRef = F5D9F740A2879BAC745CFBB4 /* SettingsView.swift */; };
		9A45C4C96A58A0102C2AC632 /* SettingsView.swift in Sources */ = {isa = PBXBuildFile; fileRef = F5D9F740A2879BAC745CFBB4 /* SettingsView.swift */; };
		A31D7C857949F6F495168DEE /* JournalManagerView.swift in Sources */ = {isa = PBXBuildFile; fileRef = 57CF2671C23F101824648A28 /* JournalManagerView.swift */; };
		A4E7AD902E4B9241CEB1E3CB /* StrongestEffectsContent.swift in Sources */ = {isa = PBXBuildFile; fileRef = D3649F189F37F73B851A496E /* StrongestEffectsContent.swift */; };
		A9372F3AC900B674865D7285 /* ChartProvenanceLabel.swift in Sources */ = {isa = PBXBuildFile; fileRef = 8901DBFBD8C53504DBFC2089 /* ChartProvenanceLabel.swift */; };
		B0B935E8D5E617C28234F5AB /* MealEditorView.swift in Sources */ = {isa = PBXBuildFile; fileRef = 3CE784A6E3FC335F901CB868 /* MealEditorView.swift */; };
		B19F7BFE1DC713846495068A /* MealAnalysisResultView.swift in Sources */ = {isa = PBXBuildFile; fileRef = 9710466D2026975042EA37A5 /* MealAnalysisResultView.swift */; };
		B29C4FC4C6066C5B998D5D3C /* SleepSummaryView.swift in Sources */ = {isa = PBXBuildFile; fileRef = 9D1F8B0535BCF0ADEFFBF1BA /* SleepSummaryView.swift */; };
		B33E07AD9414399E5AD99849 /* SleepEvidenceView.swift in Sources */ = {isa = PBXBuildFile; fileRef = 58F30841267BAB68184DC9DC /* SleepEvidenceView.swift */; };
		B37D8515605C2C7CEA2FE771 /* TimeSeriesChart.swift in Sources */ = {isa = PBXBuildFile; fileRef = 331437DA34C389557545D653 /* TimeSeriesChart.swift */; };
		B6517F1BA7F662EDA98C2943 /* ActivityView.swift in Sources */ = {isa = PBXBuildFile; fileRef = 06CD292F9F511616D2B37913 /* ActivityView.swift */; };
		B6D3C8046F23FDE269319283 /* NativeChartLibraryPreview.swift in Sources */ = {isa = PBXBuildFile; fileRef = DECC157E6A7A69C9DF17B301 /* NativeChartLibraryPreview.swift */; };
		B7FF3271D30928FA4578CCDD /* SomaCore in Frameworks */ = {isa = PBXBuildFile; productRef = E5345FF1514A80610454C58E /* SomaCore */; };
		B8D2176BA8CDC0FD3735148F /* DomainIndicatorContent.swift in Sources */ = {isa = PBXBuildFile; fileRef = CD13282B8F976EDF828D129A /* DomainIndicatorContent.swift */; };
		B96E8F964ED5AAD472668167 /* NativeChartLibraryPreview.swift in Sources */ = {isa = PBXBuildFile; fileRef = DECC157E6A7A69C9DF17B301 /* NativeChartLibraryPreview.swift */; };
		BCC4C78BF6E563B797C97BE2 /* RecoverySignalReferenceView.swift in Sources */ = {isa = PBXBuildFile; fileRef = 3CF68D017D6E296D4E9F0744 /* RecoverySignalReferenceView.swift */; };
		BD46504C8B0E18F3858A705F /* SleepStagesView.swift in Sources */ = {isa = PBXBuildFile; fileRef = 18FEF1C739B5E8131DC19F56 /* SleepStagesView.swift */; };
		BDAE812A35AE59C7F42BA63D /* MealTimelineRow.swift in Sources */ = {isa = PBXBuildFile; fileRef = D80E85084ABF0B16420DBEFA /* MealTimelineRow.swift */; };
		BE65DA0D6E46262C6AFCCFB3 /* DomainIndicatorContent.swift in Sources */ = {isa = PBXBuildFile; fileRef = CD13282B8F976EDF828D129A /* DomainIndicatorContent.swift */; };
		C0737ADD64DEF3DDDFB660BC /* TimeSeriesChartContent.swift in Sources */ = {isa = PBXBuildFile; fileRef = D2074BD6985058DACE25B157 /* TimeSeriesChartContent.swift */; };
		C0FC908AE42A0E3859B11150 /* HealthView.swift in Sources */ = {isa = PBXBuildFile; fileRef = 95C572AD3F64595D081B86F0 /* HealthView.swift */; };
		C1EAA5195EFE7A7CE29975D4 /* MetricTrendContent.swift in Sources */ = {isa = PBXBuildFile; fileRef = 59E3F86652658B0F26CCDF88 /* MetricTrendContent.swift */; };
		C251CCA08485C40710654A15 /* RemoteMealPhotosView.swift in Sources */ = {isa = PBXBuildFile; fileRef = A3BCF6AD62D2362453BA537D /* RemoteMealPhotosView.swift */; };
		C337B537A8A1C9A6629FAA8E /* AppIcon.icon in Resources */ = {isa = PBXBuildFile; fileRef = 86CE441AF5E495F8828D6916 /* AppIcon.icon */; };
		C48E8F0DE38BAABEDF9D2983 /* MetricTrendBlock.swift in Sources */ = {isa = PBXBuildFile; fileRef = 233606C0288A7E90E914E0B0 /* MetricTrendBlock.swift */; };
		C6046E1FEA2814EFCA86C245 /* MealDateSection.swift in Sources */ = {isa = PBXBuildFile; fileRef = C54ECC4B34519D40BAD4D594 /* MealDateSection.swift */; };
		C6E849B1A67DF2E94B78355B /* Supabase in Frameworks */ = {isa = PBXBuildFile; productRef = 03B43476EA2FB893683ECF38 /* Supabase */; };
		C7B22591B69063525732C68E /* SleepFormatting.swift in Sources */ = {isa = PBXBuildFile; fileRef = 9DC023D4ED12BDAC99527D1A /* SleepFormatting.swift */; };
		C7C47E17DEE389DAD7E93317 /* MealTimelineRow.swift in Sources */ = {isa = PBXBuildFile; fileRef = D80E85084ABF0B16420DBEFA /* MealTimelineRow.swift */; };
		CAA1264157384AA6324B1428 /* Assets.xcassets in Resources */ = {isa = PBXBuildFile; fileRef = 4F56C028536CD5E3AAA0B606 /* Assets.xcassets */; };
		CADCCA52F0C89CE311265D39 /* HealthKitReader.swift in Sources */ = {isa = PBXBuildFile; fileRef = 91CB0F4F6DA527488579B96E /* HealthKitReader.swift */; };
		CC4756EE17D413C0A0B15E6C /* AppDestination.swift in Sources */ = {isa = PBXBuildFile; fileRef = 385165A9FC4AE45F368DA7AB /* AppDestination.swift */; };
		D17F44F4F30638054D488065 /* Theme.swift in Sources */ = {isa = PBXBuildFile; fileRef = 4F3029B284D51EBBA0D24E58 /* Theme.swift */; };
		D248BAFE8BF313ED59F8CA55 /* SettingsSection.swift in Sources */ = {isa = PBXBuildFile; fileRef = 7846A9D4BCA708BBDD1BA6B3 /* SettingsSection.swift */; };
		D42F849F091ACA4CF5CB0FCA /* RecoveryFactorsView.swift in Sources */ = {isa = PBXBuildFile; fileRef = 0B556D2FFD43188636F24906 /* RecoveryFactorsView.swift */; };
		D7C1A64395AA2B562C5AE4FB /* OnboardingView.swift in Sources */ = {isa = PBXBuildFile; fileRef = E62E510865DE03B9B255053E /* OnboardingView.swift */; };
		DA9403437F137775B0FA25CB /* SegmentedBarChartContent.swift in Sources */ = {isa = PBXBuildFile; fileRef = B9CF816E306260A7D246202F /* SegmentedBarChartContent.swift */; };
		DDF0F799E581E8248EC0BE4E /* StrongestEffectsBlock.swift in Sources */ = {isa = PBXBuildFile; fileRef = E0B34DD0E83D07C6BDC87A82 /* StrongestEffectsBlock.swift */; };
		E156D42F450143C11701939B /* AnalysisRelationDetail.swift in Sources */ = {isa = PBXBuildFile; fileRef = 865BC095569DD0093A5C42C5 /* AnalysisRelationDetail.swift */; };
		E38434484197AB899222F800 /* MealsOverviewView.swift in Sources */ = {isa = PBXBuildFile; fileRef = E8C00BB85429948B5334F59C /* MealsOverviewView.swift */; };
		E4640FCB42E8ED0FA9C4628E /* MealsOverviewView.swift in Sources */ = {isa = PBXBuildFile; fileRef = E8C00BB85429948B5334F59C /* MealsOverviewView.swift */; };
		E58A8677B9834516366C666F /* SegmentedBarChart.swift in Sources */ = {isa = PBXBuildFile; fileRef = 8C9012426C1A194AFCC2C759 /* SegmentedBarChart.swift */; };
		E877B0198B5C8B40D715248B /* SettingsSection.swift in Sources */ = {isa = PBXBuildFile; fileRef = 7846A9D4BCA708BBDD1BA6B3 /* SettingsSection.swift */; };
		E95281CD5CB149F37F4095CE /* DomainIndicatorBlock.swift in Sources */ = {isa = PBXBuildFile; fileRef = 4FDA8D2FF3C6B9EA4AF39968 /* DomainIndicatorBlock.swift */; };
		EA5F9491001917515D763D8E /* JournalFieldRow.swift in Sources */ = {isa = PBXBuildFile; fileRef = E604D0BDFCCE0474DF5FFF91 /* JournalFieldRow.swift */; };
		ECAA72B94279A96ED624F62D /* AppDestination.swift in Sources */ = {isa = PBXBuildFile; fileRef = 385165A9FC4AE45F368DA7AB /* AppDestination.swift */; };
		EDB61843BBAAA6813B7055A5 /* AnalysisRelationDetail.swift in Sources */ = {isa = PBXBuildFile; fileRef = 865BC095569DD0093A5C42C5 /* AnalysisRelationDetail.swift */; };
		EDBBF1F8843D6531A9AAF0F1 /* MealEditorTarget.swift in Sources */ = {isa = PBXBuildFile; fileRef = 0524996CBB59F23CA5FEE7B4 /* MealEditorTarget.swift */; };
		EFB0D3ED7CF41E78BCFCA985 /* ExportView.swift in Sources */ = {isa = PBXBuildFile; fileRef = C98646E0D474E0229A9FC5E6 /* ExportView.swift */; };
		F1493FB8A94EAE93A804FEEB /* SomaCore in Frameworks */ = {isa = PBXBuildFile; productRef = 956FC67FF5EAA7C4AF90091E /* SomaCore */; };
		F36DB90005DC9EEC1750E665 /* AppIcon.icon in Resources */ = {isa = PBXBuildFile; fileRef = 86CE441AF5E495F8828D6916 /* AppIcon.icon */; };
		F3800E17B2A40EF792884DCF /* AnalysisView.swift in Sources */ = {isa = PBXBuildFile; fileRef = 366C20FFC5747948E9D5D7BE /* AnalysisView.swift */; };
		F513BEAA0F6E19FC72309ECD /* AnalysisEffectsChart.swift in Sources */ = {isa = PBXBuildFile; fileRef = AC16BC06BDBBFE0DBA11B74D /* AnalysisEffectsChart.swift */; };
		F78DB05E24863B210D7DD06F /* AnalysisRelationList.swift in Sources */ = {isa = PBXBuildFile; fileRef = DFBBF4424741EA3A44C381AA /* AnalysisRelationList.swift */; };
		F7AC5A39C0317D31BE45B6E6 /* ChartUnavailableView.swift in Sources */ = {isa = PBXBuildFile; fileRef = 4106E0679D38A84DBD108C11 /* ChartUnavailableView.swift */; };
		FA39D8FA4EADC51EEDC5F7A8 /* AccountDeletionView.swift in Sources */ = {isa = PBXBuildFile; fileRef = 22538519D9BDC92B61625BBA /* AccountDeletionView.swift */; };
		FE2E6979B2363290DB1B9F10 /* JournalVariableEditorView.swift in Sources */ = {isa = PBXBuildFile; fileRef = 08C9EE4851DC2732A71F5CA7 /* JournalVariableEditorView.swift */; };
/* End PBXBuildFile section */

/* Begin PBXFileReference section */
		0524996CBB59F23CA5FEE7B4 /* MealEditorTarget.swift */ = {isa = PBXFileReference; lastKnownFileType = sourcecode.swift; path = MealEditorTarget.swift; sourceTree = "<group>"; };
		06CD292F9F511616D2B37913 /* ActivityView.swift */ = {isa = PBXFileReference; lastKnownFileType = sourcecode.swift; path = ActivityView.swift; sourceTree = "<group>"; };
		08C9EE4851DC2732A71F5CA7 /* JournalVariableEditorView.swift */ = {isa = PBXFileReference; lastKnownFileType = sourcecode.swift; path = JournalVariableEditorView.swift; sourceTree = "<group>"; };
		0B556D2FFD43188636F24906 /* RecoveryFactorsView.swift */ = {isa = PBXFileReference; lastKnownFileType = sourcecode.swift; path = RecoveryFactorsView.swift; sourceTree = "<group>"; };
		1832D488AEC949F3DBC7F5CC /* GoogleAuthenticationSession.swift */ = {isa = PBXFileReference; lastKnownFileType = sourcecode.swift; path = GoogleAuthenticationSession.swift; sourceTree = "<group>"; };
		18FEF1C739B5E8131DC19F56 /* SleepStagesView.swift */ = {isa = PBXFileReference; lastKnownFileType = sourcecode.swift; path = SleepStagesView.swift; sourceTree = "<group>"; };
		1BB15031A0DA5C0CC3F85D31 /* SomaApp.swift */ = {isa = PBXFileReference; lastKnownFileType = sourcecode.swift; path = SomaApp.swift; sourceTree = "<group>"; };
		1C48E27CE5D2A6D84DDE4839 /* OnboardingDraft.swift */ = {isa = PBXFileReference; lastKnownFileType = sourcecode.swift; path = OnboardingDraft.swift; sourceTree = "<group>"; };
		202087BC7BEBC45110E8909D /* Soma-iOS.entitlements */ = {isa = PBXFileReference; lastKnownFileType = text.plist.entitlements; path = "Soma-iOS.entitlements"; sourceTree = "<group>"; };
		224766560DE9DD880F8B8101 /* DayView.swift */ = {isa = PBXFileReference; lastKnownFileType = sourcecode.swift; path = DayView.swift; sourceTree = "<group>"; };
		22538519D9BDC92B61625BBA /* AccountDeletionView.swift */ = {isa = PBXFileReference; lastKnownFileType = sourcecode.swift; path = AccountDeletionView.swift; sourceTree = "<group>"; };
		233606C0288A7E90E914E0B0 /* MetricTrendBlock.swift */ = {isa = PBXFileReference; lastKnownFileType = sourcecode.swift; path = MetricTrendBlock.swift; sourceTree = "<group>"; };
		331437DA34C389557545D653 /* TimeSeriesChart.swift */ = {isa = PBXFileReference; lastKnownFileType = sourcecode.swift; path = TimeSeriesChart.swift; sourceTree = "<group>"; };
		366C20FFC5747948E9D5D7BE /* AnalysisView.swift */ = {isa = PBXFileReference; lastKnownFileType = sourcecode.swift; path = AnalysisView.swift; sourceTree = "<group>"; };
		385165A9FC4AE45F368DA7AB /* AppDestination.swift */ = {isa = PBXFileReference; lastKnownFileType = sourcecode.swift; path = AppDestination.swift; sourceTree = "<group>"; };
		3CE784A6E3FC335F901CB868 /* MealEditorView.swift */ = {isa = PBXFileReference; lastKnownFileType = sourcecode.swift; path = MealEditorView.swift; sourceTree = "<group>"; };
		3CF68D017D6E296D4E9F0744 /* RecoverySignalReferenceView.swift */ = {isa = PBXFileReference; lastKnownFileType = sourcecode.swift; path = RecoverySignalReferenceView.swift; sourceTree = "<group>"; };
		3EC88EE766EF41985ED3279F /* NativeGoogleAuthCoordinator.swift */ = {isa = PBXFileReference; lastKnownFileType = sourcecode.swift; path = NativeGoogleAuthCoordinator.swift; sourceTree = "<group>"; };
		4106E0679D38A84DBD108C11 /* ChartUnavailableView.swift */ = {isa = PBXFileReference; lastKnownFileType = sourcecode.swift; path = ChartUnavailableView.swift; sourceTree = "<group>"; };
		492A88C4D9678A2D190181FF /* AppModel.swift */ = {isa = PBXFileReference; lastKnownFileType = sourcecode.swift; path = AppModel.swift; sourceTree = "<group>"; };
		4EF8D471F07D6BE1743DE2B7 /* DomainInsightsView.swift */ = {isa = PBXFileReference; lastKnownFileType = sourcecode.swift; path = DomainInsightsView.swift; sourceTree = "<group>"; };
		4F3029B284D51EBBA0D24E58 /* Theme.swift */ = {isa = PBXFileReference; lastKnownFileType = sourcecode.swift; path = Theme.swift; sourceTree = "<group>"; };
		4F56C028536CD5E3AAA0B606 /* Assets.xcassets */ = {isa = PBXFileReference; lastKnownFileType = folder.assetcatalog; path = Assets.xcassets; sourceTree = "<group>"; };
		4FDA8D2FF3C6B9EA4AF39968 /* DomainIndicatorBlock.swift */ = {isa = PBXFileReference; lastKnownFileType = sourcecode.swift; path = DomainIndicatorBlock.swift; sourceTree = "<group>"; };
		5467913C668E576E6BE9497D /* StrongestEffectRow.swift */ = {isa = PBXFileReference; lastKnownFileType = sourcecode.swift; path = StrongestEffectRow.swift; sourceTree = "<group>"; };
		57CF2671C23F101824648A28 /* JournalManagerView.swift */ = {isa = PBXFileReference; lastKnownFileType = sourcecode.swift; path = JournalManagerView.swift; sourceTree = "<group>"; };
		58F30841267BAB68184DC9DC /* SleepEvidenceView.swift */ = {isa = PBXFileReference; lastKnownFileType = sourcecode.swift; path = SleepEvidenceView.swift; sourceTree = "<group>"; };
		59E3F86652658B0F26CCDF88 /* MetricTrendContent.swift */ = {isa = PBXFileReference; lastKnownFileType = sourcecode.swift; path = MetricTrendContent.swift; sourceTree = "<group>"; };
		7846A9D4BCA708BBDD1BA6B3 /* SettingsSection.swift */ = {isa = PBXFileReference; lastKnownFileType = sourcecode.swift; path = SettingsSection.swift; sourceTree = "<group>"; };
		7FC15DF6F3FAF1821181A4A4 /* RecoveryMetadataView.swift */ = {isa = PBXFileReference; lastKnownFileType = sourcecode.swift; path = RecoveryMetadataView.swift; sourceTree = "<group>"; };
		8220D7C7F80C6EC7643C7AA1 /* Soma-macOS.app */ = {isa = PBXFileReference; explicitFileType = wrapper.application; includeInIndex = 0; path = "Soma-macOS.app"; sourceTree = BUILT_PRODUCTS_DIR; };
		82CB5C0043159BF548CCC05F /* HealthViewModel.swift */ = {isa = PBXFileReference; lastKnownFileType = sourcecode.swift; path = HealthViewModel.swift; sourceTree = "<group>"; };
		83CD7BCACDDEB77308BEC82E /* ContentStateView.swift */ = {isa = PBXFileReference; lastKnownFileType = sourcecode.swift; path = ContentStateView.swift; sourceTree = "<group>"; };
		865BC095569DD0093A5C42C5 /* AnalysisRelationDetail.swift */ = {isa = PBXFileReference; lastKnownFileType = sourcecode.swift; path = AnalysisRelationDetail.swift; sourceTree = "<group>"; };
		86CE441AF5E495F8828D6916 /* AppIcon.icon */ = {isa = PBXFileReference; lastKnownFileType = wrapper.icon; path = AppIcon.icon; sourceTree = "<group>"; };
		8901DBFBD8C53504DBFC2089 /* ChartProvenanceLabel.swift */ = {isa = PBXFileReference; lastKnownFileType = sourcecode.swift; path = ChartProvenanceLabel.swift; sourceTree = "<group>"; };
		8C9012426C1A194AFCC2C759 /* SegmentedBarChart.swift */ = {isa = PBXFileReference; lastKnownFileType = sourcecode.swift; path = SegmentedBarChart.swift; sourceTree = "<group>"; };
		91CB0F4F6DA527488579B96E /* HealthKitReader.swift */ = {isa = PBXFileReference; lastKnownFileType = sourcecode.swift; path = HealthKitReader.swift; sourceTree = "<group>"; };
		95C572AD3F64595D081B86F0 /* HealthView.swift */ = {isa = PBXFileReference; lastKnownFileType = sourcecode.swift; path = HealthView.swift; sourceTree = "<group>"; };
		9710466D2026975042EA37A5 /* MealAnalysisResultView.swift */ = {isa = PBXFileReference; lastKnownFileType = sourcecode.swift; path = MealAnalysisResultView.swift; sourceTree = "<group>"; };
		9CC1C2EFC68FE08E8C6D93A2 /* SleepHistoryView.swift */ = {isa = PBXFileReference; lastKnownFileType = sourcecode.swift; path = SleepHistoryView.swift; sourceTree = "<group>"; };
		9D1F8B0535BCF0ADEFFBF1BA /* SleepSummaryView.swift */ = {isa = PBXFileReference; lastKnownFileType = sourcecode.swift; path = SleepSummaryView.swift; sourceTree = "<group>"; };
		9DC023D4ED12BDAC99527D1A /* SleepFormatting.swift */ = {isa = PBXFileReference; lastKnownFileType = sourcecode.swift; path = SleepFormatting.swift; sourceTree = "<group>"; };
		A0029706B80FF4C1637F9B92 /* Soma-iOS.app */ = {isa = PBXFileReference; includeInIndex = 0; lastKnownFileType = wrapper.application; path = "Soma-iOS.app"; sourceTree = BUILT_PRODUCTS_DIR; };
		A3BCF6AD62D2362453BA537D /* RemoteMealPhotosView.swift */ = {isa = PBXFileReference; lastKnownFileType = sourcecode.swift; path = RemoteMealPhotosView.swift; sourceTree = "<group>"; };
		A9579222E401A8B593A9A8E4 /* RootView.swift */ = {isa = PBXFileReference; lastKnownFileType = sourcecode.swift; path = RootView.swift; sourceTree = "<group>"; };
		AC16BC06BDBBFE0DBA11B74D /* AnalysisEffectsChart.swift */ = {isa = PBXFileReference; lastKnownFileType = sourcecode.swift; path = AnalysisEffectsChart.swift; sourceTree = "<group>"; };
		AE3E816A872E4A4FFC6889C2 /* JournalVariableForm.swift */ = {isa = PBXFileReference; lastKnownFileType = sourcecode.swift; path = JournalVariableForm.swift; sourceTree = "<group>"; };
		AF6E96ACE20158CCD5C9C45C /* SleepContentView.swift */ = {isa = PBXFileReference; lastKnownFileType = sourcecode.swift; path = SleepContentView.swift; sourceTree = "<group>"; };
		B9CF816E306260A7D246202F /* SegmentedBarChartContent.swift */ = {isa = PBXFileReference; lastKnownFileType = sourcecode.swift; path = SegmentedBarChartContent.swift; sourceTree = "<group>"; };
		C3C22E12B0E7083618BDC870 /* SettingsRows.swift */ = {isa = PBXFileReference; lastKnownFileType = sourcecode.swift; path = SettingsRows.swift; sourceTree = "<group>"; };
		C3DB7CB73A093C9DC4ECC751 /* SleepView.swift */ = {isa = PBXFileReference; lastKnownFileType = sourcecode.swift; path = SleepView.swift; sourceTree = "<group>"; };
		C54ECC4B34519D40BAD4D594 /* MealDateSection.swift */ = {isa = PBXFileReference; lastKnownFileType = sourcecode.swift; path = MealDateSection.swift; sourceTree = "<group>"; };
		C98646E0D474E0229A9FC5E6 /* ExportView.swift */ = {isa = PBXFileReference; lastKnownFileType = sourcecode.swift; path = ExportView.swift; sourceTree = "<group>"; };
		CD13282B8F976EDF828D129A /* DomainIndicatorContent.swift */ = {isa = PBXFileReference; lastKnownFileType = sourcecode.swift; path = DomainIndicatorContent.swift; sourceTree = "<group>"; };
		D2074BD6985058DACE25B157 /* TimeSeriesChartContent.swift */ = {isa = PBXFileReference; lastKnownFileType = sourcecode.swift; path = TimeSeriesChartContent.swift; sourceTree = "<group>"; };
		D3649F189F37F73B851A496E /* StrongestEffectsContent.swift */ = {isa = PBXFileReference; lastKnownFileType = sourcecode.swift; path = StrongestEffectsContent.swift; sourceTree = "<group>"; };
		D3A04C295CBF6BB941628873 /* ExportViewModel.swift */ = {isa = PBXFileReference; lastKnownFileType = sourcecode.swift; path = ExportViewModel.swift; sourceTree = "<group>"; };
		D542C938708A05448081260E /* RecoveryView.swift */ = {isa = PBXFileReference; lastKnownFileType = sourcecode.swift; path = RecoveryView.swift; sourceTree = "<group>"; };
		D80E85084ABF0B16420DBEFA /* MealTimelineRow.swift */ = {isa = PBXFileReference; lastKnownFileType = sourcecode.swift; path = MealTimelineRow.swift; sourceTree = "<group>"; };
		DDB7BB49D178563E16A22148 /* JournalSectionView.swift */ = {isa = PBXFileReference; lastKnownFileType = sourcecode.swift; path = JournalSectionView.swift; sourceTree = "<group>"; };
		DECC157E6A7A69C9DF17B301 /* NativeChartLibraryPreview.swift */ = {isa = PBXFileReference; lastKnownFileType = sourcecode.swift; path = NativeChartLibraryPreview.swift; sourceTree = "<group>"; };
		DFBBF4424741EA3A44C381AA /* AnalysisRelationList.swift */ = {isa = PBXFileReference; lastKnownFileType = sourcecode.swift; path = AnalysisRelationList.swift; sourceTree = "<group>"; };
		DFC7328DB8D4C51258D4B12C /* SomaCore */ = {isa = PBXFileReference; lastKnownFileType = folder; name = SomaCore; path = SomaCore; sourceTree = SOURCE_ROOT; };
		E0B34DD0E83D07C6BDC87A82 /* StrongestEffectsBlock.swift */ = {isa = PBXFileReference; lastKnownFileType = sourcecode.swift; path = StrongestEffectsBlock.swift; sourceTree = "<group>"; };
		E604D0BDFCCE0474DF5FFF91 /* JournalFieldRow.swift */ = {isa = PBXFileReference; lastKnownFileType = sourcecode.swift; path = JournalFieldRow.swift; sourceTree = "<group>"; };
		E62E510865DE03B9B255053E /* OnboardingView.swift */ = {isa = PBXFileReference; lastKnownFileType = sourcecode.swift; path = OnboardingView.swift; sourceTree = "<group>"; };
		E8C00BB85429948B5334F59C /* MealsOverviewView.swift */ = {isa = PBXFileReference; lastKnownFileType = sourcecode.swift; path = MealsOverviewView.swift; sourceTree = "<group>"; };
		EE49280B07228D4794AA3ABF /* ScreenScaffold.swift */ = {isa = PBXFileReference; lastKnownFileType = sourcecode.swift; path = ScreenScaffold.swift; sourceTree = "<group>"; };
		F42CA9D77DB2222DF4BE9806 /* LoginView.swift */ = {isa = PBXFileReference; lastKnownFileType = sourcecode.swift; path = LoginView.swift; sourceTree = "<group>"; };
		F453133F3A2F05F3E407AA85 /* Soma-macOS.entitlements */ = {isa = PBXFileReference; lastKnownFileType = text.plist.entitlements; path = "Soma-macOS.entitlements"; sourceTree = "<group>"; };
		F5D9F740A2879BAC745CFBB4 /* SettingsView.swift */ = {isa = PBXFileReference; lastKnownFileType = sourcecode.swift; path = SettingsView.swift; sourceTree = "<group>"; };
/* End PBXFileReference section */

/* Begin PBXFrameworksBuildPhase section */
		43053C2603DB8BCE8DDF084A /* Frameworks */ = {
			isa = PBXFrameworksBuildPhase;
			buildActionMask = 2147483647;
			files = (
				B7FF3271D30928FA4578CCDD /* SomaCore in Frameworks */,
				023C70A8869B05E34426D7EF /* GoogleSignIn in Frameworks */,
				C6E849B1A67DF2E94B78355B /* Supabase in Frameworks */,
			);
			runOnlyForDeploymentPostprocessing = 0;
		};
		73C182F8DBD2FF55A872A4C6 /* Frameworks */ = {
			isa = PBXFrameworksBuildPhase;
			buildActionMask = 2147483647;
			files = (
				F1493FB8A94EAE93A804FEEB /* SomaCore in Frameworks */,
				0C430CD4B220B374AAC20997 /* GoogleSignIn in Frameworks */,
				23AFFFA6A7FDCBBDCABA2B03 /* Supabase in Frameworks */,
			);
			runOnlyForDeploymentPostprocessing = 0;
		};
/* End PBXFrameworksBuildPhase section */

/* Begin PBXGroup section */
		0284E1F8B9830435E681C197 /* Export */ = {
			isa = PBXGroup;
			children = (
				C98646E0D474E0229A9FC5E6 /* ExportView.swift */,
				D3A04C295CBF6BB941628873 /* ExportViewModel.swift */,
			);
			path = Export;
			sourceTree = "<group>";
		};
		0F654F680B92EF0DF0EC477F = {
			isa = PBXGroup;
			children = (
				93F83F584100C0A6898372D5 /* Packages */,
				AEDB86E4E75469EB3FBD82D6 /* SomaApp */,
				E07FA46FB33AC1559D6BFC01 /* Products */,
			);
			sourceTree = "<group>";
		};
		18A371A40807DC6B676E6DD9 /* Health */ = {
			isa = PBXGroup;
			children = (
				91CB0F4F6DA527488579B96E /* HealthKitReader.swift */,
				95C572AD3F64595D081B86F0 /* HealthView.swift */,
				82CB5C0043159BF548CCC05F /* HealthViewModel.swift */,
				202087BC7BEBC45110E8909D /* Soma-iOS.entitlements */,
			);
			path = Health;
			sourceTree = "<group>";
		};
		1EED474EDFF9918DF485655A /* Recovery */ = {
			isa = PBXGroup;
			children = (
				0B556D2FFD43188636F24906 /* RecoveryFactorsView.swift */,
				7FC15DF6F3FAF1821181A4A4 /* RecoveryMetadataView.swift */,
				3CF68D017D6E296D4E9F0744 /* RecoverySignalReferenceView.swift */,
				D542C938708A05448081260E /* RecoveryView.swift */,
			);
			path = Recovery;
			sourceTree = "<group>";
		};
		211228A4E48982F6EA47FBBD /* Sleep */ = {
			isa = PBXGroup;
			children = (
				AF6E96ACE20158CCD5C9C45C /* SleepContentView.swift */,
				58F30841267BAB68184DC9DC /* SleepEvidenceView.swift */,
				9DC023D4ED12BDAC99527D1A /* SleepFormatting.swift */,
				9CC1C2EFC68FE08E8C6D93A2 /* SleepHistoryView.swift */,
				18FEF1C739B5E8131DC19F56 /* SleepStagesView.swift */,
				9D1F8B0535BCF0ADEFFBF1BA /* SleepSummaryView.swift */,
				C3DB7CB73A093C9DC4ECC751 /* SleepView.swift */,
			);
			path = Sleep;
			sourceTree = "<group>";
		};
		2AC2C282B7DA0D90C64263B2 /* Meals */ = {
			isa = PBXGroup;
			children = (
				9710466D2026975042EA37A5 /* MealAnalysisResultView.swift */,
				C54ECC4B34519D40BAD4D594 /* MealDateSection.swift */,
				0524996CBB59F23CA5FEE7B4 /* MealEditorTarget.swift */,
				3CE784A6E3FC335F901CB868 /* MealEditorView.swift */,
				D80E85084ABF0B16420DBEFA /* MealTimelineRow.swift */,
				A3BCF6AD62D2362453BA537D /* RemoteMealPhotosView.swift */,
			);
			path = Meals;
			sourceTree = "<group>";
		};
		30E4B818CBD4ED127B3BF0C7 /* Charts */ = {
			isa = PBXGroup;
			children = (
				8901DBFBD8C53504DBFC2089 /* ChartProvenanceLabel.swift */,
				4106E0679D38A84DBD108C11 /* ChartUnavailableView.swift */,
				4FDA8D2FF3C6B9EA4AF39968 /* DomainIndicatorBlock.swift */,
				CD13282B8F976EDF828D129A /* DomainIndicatorContent.swift */,
				233606C0288A7E90E914E0B0 /* MetricTrendBlock.swift */,
				59E3F86652658B0F26CCDF88 /* MetricTrendContent.swift */,
				DECC157E6A7A69C9DF17B301 /* NativeChartLibraryPreview.swift */,
				8C9012426C1A194AFCC2C759 /* SegmentedBarChart.swift */,
				B9CF816E306260A7D246202F /* SegmentedBarChartContent.swift */,
				5467913C668E576E6BE9497D /* StrongestEffectRow.swift */,
				E0B34DD0E83D07C6BDC87A82 /* StrongestEffectsBlock.swift */,
				D3649F189F37F73B851A496E /* StrongestEffectsContent.swift */,
				331437DA34C389557545D653 /* TimeSeriesChart.swift */,
				D2074BD6985058DACE25B157 /* TimeSeriesChartContent.swift */,
			);
			path = Charts;
			sourceTree = "<group>";
		};
		57FD5AEE46E51E22A033B652 /* Screens */ = {
			isa = PBXGroup;
			children = (
				22538519D9BDC92B61625BBA /* AccountDeletionView.swift */,
				06CD292F9F511616D2B37913 /* ActivityView.swift */,
				83CD7BCACDDEB77308BEC82E /* ContentStateView.swift */,
				4EF8D471F07D6BE1743DE2B7 /* DomainInsightsView.swift */,
				E8C00BB85429948B5334F59C /* MealsOverviewView.swift */,
				EE49280B07228D4794AA3ABF /* ScreenScaffold.swift */,
				C3C22E12B0E7083618BDC870 /* SettingsRows.swift */,
				7846A9D4BCA708BBDD1BA6B3 /* SettingsSection.swift */,
				F5D9F740A2879BAC745CFBB4 /* SettingsView.swift */,
			);
			path = Screens;
			sourceTree = "<group>";
		};
		6E14BCF1A9DC9CB4B134813B /* Onboarding */ = {
			isa = PBXGroup;
			children = (
				1C48E27CE5D2A6D84DDE4839 /* OnboardingDraft.swift */,
				E62E510865DE03B9B255053E /* OnboardingView.swift */,
			);
			path = Onboarding;
			sourceTree = "<group>";
		};
		828FE7A661260687433AF38A /* Navigation */ = {
			isa = PBXGroup;
			children = (
				385165A9FC4AE45F368DA7AB /* AppDestination.swift */,
			);
			path = Navigation;
			sourceTree = "<group>";
		};
		93F83F584100C0A6898372D5 /* Packages */ = {
			isa = PBXGroup;
			children = (
				DFC7328DB8D4C51258D4B12C /* SomaCore */,
			);
			name = Packages;
			sourceTree = "<group>";
		};
		9446647A12EB7E603D2DC11B /* Journal */ = {
			isa = PBXGroup;
			children = (
				E604D0BDFCCE0474DF5FFF91 /* JournalFieldRow.swift */,
				57CF2671C23F101824648A28 /* JournalManagerView.swift */,
				DDB7BB49D178563E16A22148 /* JournalSectionView.swift */,
				08C9EE4851DC2732A71F5CA7 /* JournalVariableEditorView.swift */,
				AE3E816A872E4A4FFC6889C2 /* JournalVariableForm.swift */,
			);
			path = Journal;
			sourceTree = "<group>";
		};
		AEDB86E4E75469EB3FBD82D6 /* SomaApp */ = {
			isa = PBXGroup;
			children = (
				AC16BC06BDBBFE0DBA11B74D /* AnalysisEffectsChart.swift */,
				865BC095569DD0093A5C42C5 /* AnalysisRelationDetail.swift */,
				DFBBF4424741EA3A44C381AA /* AnalysisRelationList.swift */,
				366C20FFC5747948E9D5D7BE /* AnalysisView.swift */,
				86CE441AF5E495F8828D6916 /* AppIcon.icon */,
				492A88C4D9678A2D190181FF /* AppModel.swift */,
				4F56C028536CD5E3AAA0B606 /* Assets.xcassets */,
				224766560DE9DD880F8B8101 /* DayView.swift */,
				1832D488AEC949F3DBC7F5CC /* GoogleAuthenticationSession.swift */,
				F42CA9D77DB2222DF4BE9806 /* LoginView.swift */,
				3EC88EE766EF41985ED3279F /* NativeGoogleAuthCoordinator.swift */,
				A9579222E401A8B593A9A8E4 /* RootView.swift */,
				F453133F3A2F05F3E407AA85 /* Soma-macOS.entitlements */,
				1BB15031A0DA5C0CC3F85D31 /* SomaApp.swift */,
				4F3029B284D51EBBA0D24E58 /* Theme.swift */,
				C637B41B4C80FBB0B3924462 /* Components */,
				0284E1F8B9830435E681C197 /* Export */,
				18A371A40807DC6B676E6DD9 /* Health */,
				9446647A12EB7E603D2DC11B /* Journal */,
				2AC2C282B7DA0D90C64263B2 /* Meals */,
				828FE7A661260687433AF38A /* Navigation */,
				6E14BCF1A9DC9CB4B134813B /* Onboarding */,
				1EED474EDFF9918DF485655A /* Recovery */,
				57FD5AEE46E51E22A033B652 /* Screens */,
				211228A4E48982F6EA47FBBD /* Sleep */,
			);
			path = SomaApp;
			sourceTree = "<group>";
		};
		C637B41B4C80FBB0B3924462 /* Components */ = {
			isa = PBXGroup;
			children = (
				30E4B818CBD4ED127B3BF0C7 /* Charts */,
			);
			path = Components;
			sourceTree = "<group>";
		};
		E07FA46FB33AC1559D6BFC01 /* Products */ = {
			isa = PBXGroup;
			children = (
				A0029706B80FF4C1637F9B92 /* Soma-iOS.app */,
				8220D7C7F80C6EC7643C7AA1 /* Soma-macOS.app */,
			);
			name = Products;
			sourceTree = "<group>";
		};
/* End PBXGroup section */

/* Begin PBXNativeTarget section */
		E158CB8F4490457800DE2E10 /* Soma-macOS */ = {
			isa = PBXNativeTarget;
			buildConfigurationList = A9B56CC6E9D1EF2F899F3D1C /* Build configuration list for PBXNativeTarget "Soma-macOS" */;
			buildPhases = (
				860B61F423C78DD1482E3A85 /* Sources */,
				739B950746566160A9F6BCA8 /* Resources */,
				43053C2603DB8BCE8DDF084A /* Frameworks */,
			);
			buildRules = (
			);
			dependencies = (
			);
			name = "Soma-macOS";
			packageProductDependencies = (
				E5345FF1514A80610454C58E /* SomaCore */,
				97B7BD478988CD62A0547E98 /* GoogleSignIn */,
				03B43476EA2FB893683ECF38 /* Supabase */,
			);
			productName = "Soma-macOS";
			productReference = 8220D7C7F80C6EC7643C7AA1 /* Soma-macOS.app */;
			productType = "com.apple.product-type.application";
		};
		E7358F49446692D93B8E93F1 /* Soma-iOS */ = {
			isa = PBXNativeTarget;
			buildConfigurationList = B13AC1A474A826D263B63418 /* Build configuration list for PBXNativeTarget "Soma-iOS" */;
			buildPhases = (
				F1DF2A1968F5BA21CB9D6831 /* Sources */,
				E5DD280D95ADDDD537771FA9 /* Resources */,
				73C182F8DBD2FF55A872A4C6 /* Frameworks */,
			);
			buildRules = (
			);
			dependencies = (
			);
			name = "Soma-iOS";
			packageProductDependencies = (
				956FC67FF5EAA7C4AF90091E /* SomaCore */,
				FF3FC9867A3360936B72E04B /* GoogleSignIn */,
				EDF1499484A4D833A28DEA04 /* Supabase */,
			);
			productName = "Soma-iOS";
			productReference = A0029706B80FF4C1637F9B92 /* Soma-iOS.app */;
			productType = "com.apple.product-type.application";
		};
/* End PBXNativeTarget section */

/* Begin PBXProject section */
		3530B00C378B20039F9DADB3 /* Project object */ = {
			isa = PBXProject;
			attributes = {
				BuildIndependentTargetsInParallel = YES;
				LastUpgradeCheck = 1430;
				TargetAttributes = {
					E158CB8F4490457800DE2E10 = {
						DevelopmentTeam = "";
						ProvisioningStyle = Automatic;
					};
					E7358F49446692D93B8E93F1 = {
						DevelopmentTeam = "";
						ProvisioningStyle = Automatic;
					};
				};
			};
			buildConfigurationList = 1DEE23311B6E938E4AC915BA /* Build configuration list for PBXProject "SomaNative" */;
			developmentRegion = en;
			hasScannedForEncodings = 0;
			knownRegions = (
				Base,
				en,
			);
			mainGroup = 0F654F680B92EF0DF0EC477F;
			minimizedProjectReferenceProxies = 1;
			packageReferences = (
				7C2D566C6D5A66379E915469 /* XCRemoteSwiftPackageReference "GoogleSignIn-iOS" */,
				EDCB74B567F30537ABF68A0D /* XCRemoteSwiftPackageReference "supabase-swift" */,
				0F9735544DA770C811F6B758 /* XCLocalSwiftPackageReference "SomaCore" */,
			);
			preferredProjectObjectVersion = 77;
			productRefGroup = E07FA46FB33AC1559D6BFC01 /* Products */;
			projectDirPath = "";
			projectRoot = "";
			targets = (
				E7358F49446692D93B8E93F1 /* Soma-iOS */,
				E158CB8F4490457800DE2E10 /* Soma-macOS */,
			);
		};
/* End PBXProject section */

/* Begin PBXResourcesBuildPhase section */
		739B950746566160A9F6BCA8 /* Resources */ = {
			isa = PBXResourcesBuildPhase;
			buildActionMask = 2147483647;
			files = (
				C337B537A8A1C9A6629FAA8E /* AppIcon.icon in Resources */,
				38780C04E4497C05AC3970CF /* Assets.xcassets in Resources */,
			);
			runOnlyForDeploymentPostprocessing = 0;
		};
		E5DD280D95ADDDD537771FA9 /* Resources */ = {
			isa = PBXResourcesBuildPhase;
			buildActionMask = 2147483647;
			files = (
				F36DB90005DC9EEC1750E665 /* AppIcon.icon in Resources */,
				CAA1264157384AA6324B1428 /* Assets.xcassets in Resources */,
			);
			runOnlyForDeploymentPostprocessing = 0;
		};
/* End PBXResourcesBuildPhase section */

/* Begin PBXSourcesBuildPhase section */
		860B61F423C78DD1482E3A85 /* Sources */ = {
			isa = PBXSourcesBuildPhase;
			buildActionMask = 2147483647;
			files = (
				FA39D8FA4EADC51EEDC5F7A8 /* AccountDeletionView.swift in Sources */,
				44190D5494017F084647C798 /* ActivityView.swift in Sources */,
				75BA14A8B010510C2062F95C /* AnalysisEffectsChart.swift in Sources */,
				EDB61843BBAAA6813B7055A5 /* AnalysisRelationDetail.swift in Sources */,
				F78DB05E24863B210D7DD06F /* AnalysisRelationList.swift in Sources */,
				02CC6718A049EC5A74E42F43 /* AnalysisView.swift in Sources */,
				CC4756EE17D413C0A0B15E6C /* AppDestination.swift in Sources */,
				19187394B87FFE1385037AA6 /* AppModel.swift in Sources */,
				A9372F3AC900B674865D7285 /* ChartProvenanceLabel.swift in Sources */,
				5B19AB7356689DA5604AA323 /* ChartUnavailableView.swift in Sources */,
				3CE7E4BB6D0FD9A3A9BC89AF /* ContentStateView.swift in Sources */,
				1481FBD405BD1A418D96F6BD /* DayView.swift in Sources */,
				E95281CD5CB149F37F4095CE /* DomainIndicatorBlock.swift in Sources */,
				BE65DA0D6E46262C6AFCCFB3 /* DomainIndicatorContent.swift in Sources */,
				3C0F86898BD7E616F5D68A7F /* DomainInsightsView.swift in Sources */,
				6666584F2FD70D590D0CECAC /* ExportView.swift in Sources */,
				924E28F5AE62ED26139BE128 /* ExportViewModel.swift in Sources */,
				3869680A98E8414A2F49118E /* GoogleAuthenticationSession.swift in Sources */,
				6579C7AC1F615B1C2516F68C /* HealthKitReader.swift in Sources */,
				C0FC908AE42A0E3859B11150 /* HealthView.swift in Sources */,
				777F450FFD9EA90020854304 /* HealthViewModel.swift in Sources */,
				EA5F9491001917515D763D8E /* JournalFieldRow.swift in Sources */,
				8534043A59DFA6F9D98CD7D5 /* JournalManagerView.swift in Sources */,
				94D40FF6271F2117615ACFD7 /* JournalSectionView.swift in Sources */,
				0B06CFCB2C1DF69D7B118B1B /* JournalVariableEditorView.swift in Sources */,
				6DB0F2B1D9556B2FFC30CA76 /* JournalVariableForm.swift in Sources */,
				960661874553A56D0D829517 /* LoginView.swift in Sources */,
				92D5EB145A9AA5E984896CA1 /* MealAnalysisResultView.swift in Sources */,
				7A4BDCB80C3F7772A1C4E3D1 /* MealDateSection.swift in Sources */,
				02ECA8D32C424288B5CF3D7D /* MealEditorTarget.swift in Sources */,
				B0B935E8D5E617C28234F5AB /* MealEditorView.swift in Sources */,
				C7C47E17DEE389DAD7E93317 /* MealTimelineRow.swift in Sources */,
				E38434484197AB899222F800 /* MealsOverviewView.swift in Sources */,
				47DAB19FFB852EFD9B80E647 /* MetricTrendBlock.swift in Sources */,
				C1EAA5195EFE7A7CE29975D4 /* MetricTrendContent.swift in Sources */,
				B96E8F964ED5AAD472668167 /* NativeChartLibraryPreview.swift in Sources */,
				17103205A11CA20AB35D37C1 /* NativeGoogleAuthCoordinator.swift in Sources */,
				834D27005FD99E4347C89F42 /* OnboardingDraft.swift in Sources */,
				D7C1A64395AA2B562C5AE4FB /* OnboardingView.swift in Sources */,
				D42F849F091ACA4CF5CB0FCA /* RecoveryFactorsView.swift in Sources */,
				27B9CB3CCCD6001B39FDCC9F /* RecoveryMetadataView.swift in Sources */,
				798A0757B6F655455A739387 /* RecoverySignalReferenceView.swift in Sources */,
				1D24E019051004296FB79015 /* RecoveryView.swift in Sources */,
				49B86C998738E92D7C8A611B /* RemoteMealPhotosView.swift in Sources */,
				6E22D7904BD0127ED11122F0 /* RootView.swift in Sources */,
				3EC11A10F0CB03CCE8F781B0 /* ScreenScaffold.swift in Sources */,
				6C1FA0BB044D1B97724C241F /* SegmentedBarChart.swift in Sources */,
				DA9403437F137775B0FA25CB /* SegmentedBarChartContent.swift in Sources */,
				44607ADED4F9FF27446C6D06 /* SettingsRows.swift in Sources */,
				D248BAFE8BF313ED59F8CA55 /* SettingsSection.swift in Sources */,
				99DB573D099599B98B3E02DD /* SettingsView.swift in Sources */,
				365B00EE307C428E41491972 /* SleepContentView.swift in Sources */,
				0B906C3E1355C2848C0FBAEA /* SleepEvidenceView.swift in Sources */,
				C7B22591B69063525732C68E /* SleepFormatting.swift in Sources */,
				55DA686EAC3BAFA4CF4E459C /* SleepHistoryView.swift in Sources */,
				2C554CCC03B23C2DD166B364 /* SleepStagesView.swift in Sources */,
				92D3D1DEEDB70FDC139CA470 /* SleepSummaryView.swift in Sources */,
				2A539E2E824A1B132B25E069 /* SleepView.swift in Sources */,
				2D01BE1E83D2B896C791BEF9 /* SomaApp.swift in Sources */,
				7B77BBBD7BE99FBF21467813 /* StrongestEffectRow.swift in Sources */,
				08BB68CBEF15B06ABC55D36A /* StrongestEffectsBlock.swift in Sources */,
				9128A984E260F2850458B05B /* StrongestEffectsContent.swift in Sources */,
				1FAE0E20DC49147233239076 /* Theme.swift in Sources */,
				687742C6418C2657A620F2EA /* TimeSeriesChart.swift in Sources */,
				8483C9E7281638421AF6AFAF /* TimeSeriesChartContent.swift in Sources */,
			);
			runOnlyForDeploymentPostprocessing = 0;
		};
		F1DF2A1968F5BA21CB9D6831 /* Sources */ = {
			isa = PBXSourcesBuildPhase;
			buildActionMask = 2147483647;
			files = (
				6FBBEA1A908A90C63FE61DA3 /* AccountDeletionView.swift in Sources */,
				B6517F1BA7F662EDA98C2943 /* ActivityView.swift in Sources */,
				F513BEAA0F6E19FC72309ECD /* AnalysisEffectsChart.swift in Sources */,
				E156D42F450143C11701939B /* AnalysisRelationDetail.swift in Sources */,
				3418A4FC627B26B30A024666 /* AnalysisRelationList.swift in Sources */,
				F3800E17B2A40EF792884DCF /* AnalysisView.swift in Sources */,
				ECAA72B94279A96ED624F62D /* AppDestination.swift in Sources */,
				328FA273D34D5C1712AF2F6C /* AppModel.swift in Sources */,
				5ED07A6FD6BCBEDE0ECD66FC /* ChartProvenanceLabel.swift in Sources */,
				F7AC5A39C0317D31BE45B6E6 /* ChartUnavailableView.swift in Sources */,
				2770D220C98F34E717696318 /* ContentStateView.swift in Sources */,
				8AA387A1B5873A31D2A14E47 /* DayView.swift in Sources */,
				5344D96F0EEF4B0073A94986 /* DomainIndicatorBlock.swift in Sources */,
				B8D2176BA8CDC0FD3735148F /* DomainIndicatorContent.swift in Sources */,
				85DBED51CF77FCA256740787 /* DomainInsightsView.swift in Sources */,
				EFB0D3ED7CF41E78BCFCA985 /* ExportView.swift in Sources */,
				0E8F43B9A0547E484710605D /* ExportViewModel.swift in Sources */,
				16018040288AD6E26E50052A /* GoogleAuthenticationSession.swift in Sources */,
				CADCCA52F0C89CE311265D39 /* HealthKitReader.swift in Sources */,
				7AC9A4BF61CC0EDF2720AABA /* HealthView.swift in Sources */,
				10F28174FB85A8DCD2AA64B9 /* HealthViewModel.swift in Sources */,
				7B1FC2FEE59534BBC1DE409A /* JournalFieldRow.swift in Sources */,
				A31D7C857949F6F495168DEE /* JournalManagerView.swift in Sources */,
				57A5D23E96949E6B1C61F577 /* JournalSectionView.swift in Sources */,
				FE2E6979B2363290DB1B9F10 /* JournalVariableEditorView.swift in Sources */,
				4FD7DF8F362DBB239C206CA1 /* JournalVariableForm.swift in Sources */,
				8A69E5E5F21A385ABCBC45F5 /* LoginView.swift in Sources */,
				B19F7BFE1DC713846495068A /* MealAnalysisResultView.swift in Sources */,
				C6046E1FEA2814EFCA86C245 /* MealDateSection.swift in Sources */,
				EDBBF1F8843D6531A9AAF0F1 /* MealEditorTarget.swift in Sources */,
				025AB7E45DF16823E8AA56E5 /* MealEditorView.swift in Sources */,
				BDAE812A35AE59C7F42BA63D /* MealTimelineRow.swift in Sources */,
				E4640FCB42E8ED0FA9C4628E /* MealsOverviewView.swift in Sources */,
				C48E8F0DE38BAABEDF9D2983 /* MetricTrendBlock.swift in Sources */,
				467956225B13ED7A66BC8031 /* MetricTrendContent.swift in Sources */,
				B6D3C8046F23FDE269319283 /* NativeChartLibraryPreview.swift in Sources */,
				88FEF3796A977F1431875072 /* NativeGoogleAuthCoordinator.swift in Sources */,
				0ABAAA711853A9F33C14C750 /* OnboardingDraft.swift in Sources */,
				20810F51353BD441509BD635 /* OnboardingView.swift in Sources */,
				21A3FDCFE1F9C3C6C19242ED /* RecoveryFactorsView.swift in Sources */,
				4F9405A569DBC1D873E4CDE2 /* RecoveryMetadataView.swift in Sources */,
				BCC4C78BF6E563B797C97BE2 /* RecoverySignalReferenceView.swift in Sources */,
				67DF0ECCEA4E8DDF44D1B90A /* RecoveryView.swift in Sources */,
				C251CCA08485C40710654A15 /* RemoteMealPhotosView.swift in Sources */,
				4C99BF3830DE6A0A80025E57 /* RootView.swift in Sources */,
				1FE2E72CB816BDFC0A87881D /* ScreenScaffold.swift in Sources */,
				E58A8677B9834516366C666F /* SegmentedBarChart.swift in Sources */,
				609D45E0F0A87953C1E3C375 /* SegmentedBarChartContent.swift in Sources */,
				37F809F02362932220B12A51 /* SettingsRows.swift in Sources */,
				E877B0198B5C8B40D715248B /* SettingsSection.swift in Sources */,
				9A45C4C96A58A0102C2AC632 /* SettingsView.swift in Sources */,
				00F8B17425025E051CF7847D /* SleepContentView.swift in Sources */,
				B33E07AD9414399E5AD99849 /* SleepEvidenceView.swift in Sources */,
				4F790CB4ABBE7208DB015DB5 /* SleepFormatting.swift in Sources */,
				15EE65F36CE0FDE9E3F85D0B /* SleepHistoryView.swift in Sources */,
				BD46504C8B0E18F3858A705F /* SleepStagesView.swift in Sources */,
				B29C4FC4C6066C5B998D5D3C /* SleepSummaryView.swift in Sources */,
				036F8191B693ED73AEE2EE1F /* SleepView.swift in Sources */,
				93997233AA09299F99FD6A15 /* SomaApp.swift in Sources */,
				41DF69B4636EA3250E234B0C /* StrongestEffectRow.swift in Sources */,
				DDF0F799E581E8248EC0BE4E /* StrongestEffectsBlock.swift in Sources */,
				A4E7AD902E4B9241CEB1E3CB /* StrongestEffectsContent.swift in Sources */,
				D17F44F4F30638054D488065 /* Theme.swift in Sources */,
				B37D8515605C2C7CEA2FE771 /* TimeSeriesChart.swift in Sources */,
				C0737ADD64DEF3DDDFB660BC /* TimeSeriesChartContent.swift in Sources */,
			);
			runOnlyForDeploymentPostprocessing = 0;
		};
/* End PBXSourcesBuildPhase section */

/* Begin XCBuildConfiguration section */
		1A6EEA68EED899B492419C83 /* Release */ = {
			isa = XCBuildConfiguration;
			buildSettings = {
				ASSETCATALOG_COMPILER_APPICON_NAME = AppIcon;
				CODE_SIGN_ENTITLEMENTS = "SomaApp/Soma-macOS.entitlements";
				COMBINE_HIDPI_IMAGES = YES;
				INFOPLIST_FILE = "SomaApp/Info-macOS.plist";
				LD_RUNPATH_SEARCH_PATHS = (
					"$(inherited)",
					"@executable_path/../Frameworks",
				);
				PRODUCT_BUNDLE_IDENTIFIER = com.soma.native.macos;
				PRODUCT_NAME = Soma;
				SDKROOT = macosx;
			};
			name = Release;
		};
		69BC7C23789D02A9BAD39B10 /* Debug */ = {
			isa = XCBuildConfiguration;
			buildSettings = {
				ASSETCATALOG_COMPILER_APPICON_NAME = AppIcon;
				CODE_SIGN_ENTITLEMENTS = "SomaApp/Health/Soma-iOS.entitlements";
				CODE_SIGN_IDENTITY = "iPhone Developer";
				INFOPLIST_FILE = "SomaApp/Info-iOS.plist";
				LD_RUNPATH_SEARCH_PATHS = (
					"$(inherited)",
					"@executable_path/Frameworks",
				);
				PRODUCT_BUNDLE_IDENTIFIER = com.soma.native.ios;
				PRODUCT_NAME = Soma;
				SDKROOT = iphoneos;
				TARGETED_DEVICE_FAMILY = 1;
			};
			name = Debug;
		};
		86EBB9F0A4E5C12524B73240 /* Debug */ = {
			isa = XCBuildConfiguration;
			buildSettings = {
				ASSETCATALOG_COMPILER_APPICON_NAME = AppIcon;
				CODE_SIGN_ENTITLEMENTS = "SomaApp/Soma-macOS.entitlements";
				COMBINE_HIDPI_IMAGES = YES;
				INFOPLIST_FILE = "SomaApp/Info-macOS.plist";
				LD_RUNPATH_SEARCH_PATHS = (
					"$(inherited)",
					"@executable_path/../Frameworks",
				);
				PRODUCT_BUNDLE_IDENTIFIER = com.soma.native.macos;
				PRODUCT_NAME = Soma;
				SDKROOT = macosx;
			};
			name = Debug;
		};
		AA7A80631117E0BB07852450 /* Release */ = {
			isa = XCBuildConfiguration;
			buildSettings = {
				ASSETCATALOG_COMPILER_APPICON_NAME = AppIcon;
				CODE_SIGN_ENTITLEMENTS = "SomaApp/Health/Soma-iOS.entitlements";
				CODE_SIGN_IDENTITY = "iPhone Developer";
				INFOPLIST_FILE = "SomaApp/Info-iOS.plist";
				LD_RUNPATH_SEARCH_PATHS = (
					"$(inherited)",
					"@executable_path/Frameworks",
				);
				PRODUCT_BUNDLE_IDENTIFIER = com.soma.native.ios;
				PRODUCT_NAME = Soma;
				SDKROOT = iphoneos;
				TARGETED_DEVICE_FAMILY = 1;
			};
			name = Release;
		};
		E4FBAE9167EC604FEE15239D /* Release */ = {
			isa = XCBuildConfiguration;
			buildSettings = {
				ALWAYS_SEARCH_USER_PATHS = NO;
				CLANG_ANALYZER_NONNULL = YES;
				CLANG_ANALYZER_NUMBER_OBJECT_CONVERSION = YES_AGGRESSIVE;
				CLANG_CXX_LANGUAGE_STANDARD = "gnu++14";
				CLANG_CXX_LIBRARY = "libc++";
				CLANG_ENABLE_MODULES = YES;
				CLANG_ENABLE_OBJC_ARC = YES;
				CLANG_ENABLE_OBJC_WEAK = YES;
				CLANG_WARN_BLOCK_CAPTURE_AUTORELEASING = YES;
				CLANG_WARN_BOOL_CONVERSION = YES;
				CLANG_WARN_COMMA = YES;
				CLANG_WARN_CONSTANT_CONVERSION = YES;
				CLANG_WARN_DEPRECATED_OBJC_IMPLEMENTATIONS = YES;
				CLANG_WARN_DIRECT_OBJC_ISA_USAGE = YES_ERROR;
				CLANG_WARN_DOCUMENTATION_COMMENTS = YES;
				CLANG_WARN_EMPTY_BODY = YES;
				CLANG_WARN_ENUM_CONVERSION = YES;
				CLANG_WARN_INFINITE_RECURSION = YES;
				CLANG_WARN_INT_CONVERSION = YES;
				CLANG_WARN_NON_LITERAL_NULL_CONVERSION = YES;
				CLANG_WARN_OBJC_IMPLICIT_RETAIN_SELF = YES;
				CLANG_WARN_OBJC_LITERAL_CONVERSION = YES;
				CLANG_WARN_OBJC_ROOT_CLASS = YES_ERROR;
				CLANG_WARN_QUOTED_INCLUDE_IN_FRAMEWORK_HEADER = YES;
				CLANG_WARN_RANGE_LOOP_ANALYSIS = YES;
				CLANG_WARN_STRICT_PROTOTYPES = YES;
				CLANG_WARN_SUSPICIOUS_MOVE = YES;
				CLANG_WARN_UNGUARDED_AVAILABILITY = YES_AGGRESSIVE;
				CLANG_WARN_UNREACHABLE_CODE = YES;
				CLANG_WARN__DUPLICATE_METHOD_MATCH = YES;
				CODE_SIGN_STYLE = Automatic;
				COPY_PHASE_STRIP = NO;
				CURRENT_PROJECT_VERSION = 1;
				DEBUG_INFORMATION_FORMAT = "dwarf-with-dsym";
				DEVELOPMENT_TEAM = "";
				ENABLE_NS_ASSERTIONS = NO;
				ENABLE_STRICT_OBJC_MSGSEND = YES;
				GCC_C_LANGUAGE_STANDARD = gnu11;
				GCC_NO_COMMON_BLOCKS = YES;
				GCC_WARN_64_TO_32_BIT_CONVERSION = YES;
				GCC_WARN_ABOUT_RETURN_TYPE = YES_ERROR;
				GCC_WARN_UNDECLARED_SELECTOR = YES;
				GCC_WARN_UNINITIALIZED_AUTOS = YES_AGGRESSIVE;
				GCC_WARN_UNUSED_FUNCTION = YES;
				GCC_WARN_UNUSED_VARIABLE = YES;
				GOOGLE_CLIENT_ID_IOS = "288016413243-a4gao0ki41jn4drs0um2p7bdgr1kmnna.apps.googleusercontent.com";
				GOOGLE_CLIENT_ID_MACOS = "288016413243-jh5ivegcm4cc1vq6ajc41rq7e683c4du.apps.googleusercontent.com";
				GOOGLE_REVERSED_CLIENT_ID_IOS = "com.googleusercontent.apps.288016413243-a4gao0ki41jn4drs0um2p7bdgr1kmnna";
				GOOGLE_REVERSED_CLIENT_ID_MACOS = "com.googleusercontent.apps.288016413243-jh5ivegcm4cc1vq6ajc41rq7e683c4du";
				GOOGLE_SERVER_CLIENT_ID = "288016413243-vg8flbiu23pmlbn3bh6qm5jdhs21jh4k.apps.googleusercontent.com";
				IPHONEOS_DEPLOYMENT_TARGET = 26.0;
				MACOSX_DEPLOYMENT_TARGET = 26.0;
				MARKETING_VERSION = 1.0;
				MTL_ENABLE_DEBUG_INFO = NO;
				MTL_FAST_MATH = YES;
				PRODUCT_NAME = "$(TARGET_NAME)";
				SOMA_SUPABASE_PUBLISHABLE_KEY = "sb_publishable_HAos_GDaKQmGrj3uLQbMFQ_NY-5oCWY";
				SOMA_SUPABASE_URL = "https://udqcmptudauxdfkjauad.supabase.co";
				SWIFT_COMPILATION_MODE = wholemodule;
				SWIFT_OPTIMIZATION_LEVEL = "-O";
				SWIFT_VERSION = 6.0;
			};
			name = Release;
		};
		F5A88686953B931E69DA1455 /* Debug */ = {
			isa = XCBuildConfiguration;
			buildSettings = {
				ALWAYS_SEARCH_USER_PATHS = NO;
				CLANG_ANALYZER_NONNULL = YES;
				CLANG_ANALYZER_NUMBER_OBJECT_CONVERSION = YES_AGGRESSIVE;
				CLANG_CXX_LANGUAGE_STANDARD = "gnu++14";
				CLANG_CXX_LIBRARY = "libc++";
				CLANG_ENABLE_MODULES = YES;
				CLANG_ENABLE_OBJC_ARC = YES;
				CLANG_ENABLE_OBJC_WEAK = YES;
				CLANG_WARN_BLOCK_CAPTURE_AUTORELEASING = YES;
				CLANG_WARN_BOOL_CONVERSION = YES;
				CLANG_WARN_COMMA = YES;
				CLANG_WARN_CONSTANT_CONVERSION = YES;
				CLANG_WARN_DEPRECATED_OBJC_IMPLEMENTATIONS = YES;
				CLANG_WARN_DIRECT_OBJC_ISA_USAGE = YES_ERROR;
				CLANG_WARN_DOCUMENTATION_COMMENTS = YES;
				CLANG_WARN_EMPTY_BODY = YES;
				CLANG_WARN_ENUM_CONVERSION = YES;
				CLANG_WARN_INFINITE_RECURSION = YES;
				CLANG_WARN_INT_CONVERSION = YES;
				CLANG_WARN_NON_LITERAL_NULL_CONVERSION = YES;
				CLANG_WARN_OBJC_IMPLICIT_RETAIN_SELF = YES;
				CLANG_WARN_OBJC_LITERAL_CONVERSION = YES;
				CLANG_WARN_OBJC_ROOT_CLASS = YES_ERROR;
				CLANG_WARN_QUOTED_INCLUDE_IN_FRAMEWORK_HEADER = YES;
				CLANG_WARN_RANGE_LOOP_ANALYSIS = YES;
				CLANG_WARN_STRICT_PROTOTYPES = YES;
				CLANG_WARN_SUSPICIOUS_MOVE = YES;
				CLANG_WARN_UNGUARDED_AVAILABILITY = YES_AGGRESSIVE;
				CLANG_WARN_UNREACHABLE_CODE = YES;
				CLANG_WARN__DUPLICATE_METHOD_MATCH = YES;
				CODE_SIGN_STYLE = Automatic;
				COPY_PHASE_STRIP = NO;
				CURRENT_PROJECT_VERSION = 1;
				DEBUG_INFORMATION_FORMAT = dwarf;
				DEVELOPMENT_TEAM = "";
				ENABLE_STRICT_OBJC_MSGSEND = YES;
				ENABLE_TESTABILITY = YES;
				GCC_C_LANGUAGE_STANDARD = gnu11;
				GCC_DYNAMIC_NO_PIC = NO;
				GCC_NO_COMMON_BLOCKS = YES;
				GCC_OPTIMIZATION_LEVEL = 0;
				GCC_PREPROCESSOR_DEFINITIONS = (
					"$(inherited)",
					"DEBUG=1",
				);
				GCC_WARN_64_TO_32_BIT_CONVERSION = YES;
				GCC_WARN_ABOUT_RETURN_TYPE = YES_ERROR;
				GCC_WARN_UNDECLARED_SELECTOR = YES;
				GCC_WARN_UNINITIALIZED_AUTOS = YES_AGGRESSIVE;
				GCC_WARN_UNUSED_FUNCTION = YES;
				GCC_WARN_UNUSED_VARIABLE = YES;
				GOOGLE_CLIENT_ID_IOS = "288016413243-a4gao0ki41jn4drs0um2p7bdgr1kmnna.apps.googleusercontent.com";
				GOOGLE_CLIENT_ID_MACOS = "288016413243-jh5ivegcm4cc1vq6ajc41rq7e683c4du.apps.googleusercontent.com";
				GOOGLE_REVERSED_CLIENT_ID_IOS = "com.googleusercontent.apps.288016413243-a4gao0ki41jn4drs0um2p7bdgr1kmnna";
				GOOGLE_REVERSED_CLIENT_ID_MACOS = "com.googleusercontent.apps.288016413243-jh5ivegcm4cc1vq6ajc41rq7e683c4du";
				GOOGLE_SERVER_CLIENT_ID = "288016413243-vg8flbiu23pmlbn3bh6qm5jdhs21jh4k.apps.googleusercontent.com";
				IPHONEOS_DEPLOYMENT_TARGET = 26.0;
				MACOSX_DEPLOYMENT_TARGET = 26.0;
				MARKETING_VERSION = 1.0;
				MTL_ENABLE_DEBUG_INFO = INCLUDE_SOURCE;
				MTL_FAST_MATH = YES;
				ONLY_ACTIVE_ARCH = YES;
				PRODUCT_NAME = "$(TARGET_NAME)";
				SOMA_SUPABASE_PUBLISHABLE_KEY = "sb_publishable_HAos_GDaKQmGrj3uLQbMFQ_NY-5oCWY";
				SOMA_SUPABASE_URL = "https://udqcmptudauxdfkjauad.supabase.co";
				SWIFT_ACTIVE_COMPILATION_CONDITIONS = DEBUG;
				SWIFT_OPTIMIZATION_LEVEL = "-Onone";
				SWIFT_VERSION = 6.0;
			};
			name = Debug;
		};
/* End XCBuildConfiguration section */

/* Begin XCConfigurationList section */
		1DEE23311B6E938E4AC915BA /* Build configuration list for PBXProject "SomaNative" */ = {
			isa = XCConfigurationList;
			buildConfigurations = (
				F5A88686953B931E69DA1455 /* Debug */,
				E4FBAE9167EC604FEE15239D /* Release */,
			);
			defaultConfigurationIsVisible = 0;
			defaultConfigurationName = Debug;
		};
		A9B56CC6E9D1EF2F899F3D1C /* Build configuration list for PBXNativeTarget "Soma-macOS" */ = {
			isa = XCConfigurationList;
			buildConfigurations = (
				86EBB9F0A4E5C12524B73240 /* Debug */,
				1A6EEA68EED899B492419C83 /* Release */,
			);
			defaultConfigurationIsVisible = 0;
			defaultConfigurationName = Debug;
		};
		B13AC1A474A826D263B63418 /* Build configuration list for PBXNativeTarget "Soma-iOS" */ = {
			isa = XCConfigurationList;
			buildConfigurations = (
				69BC7C23789D02A9BAD39B10 /* Debug */,
				AA7A80631117E0BB07852450 /* Release */,
			);
			defaultConfigurationIsVisible = 0;
			defaultConfigurationName = Debug;
		};
/* End XCConfigurationList section */

/* Begin XCLocalSwiftPackageReference section */
		0F9735544DA770C811F6B758 /* XCLocalSwiftPackageReference "SomaCore" */ = {
			isa = XCLocalSwiftPackageReference;
			relativePath = SomaCore;
		};
/* End XCLocalSwiftPackageReference section */

/* Begin XCRemoteSwiftPackageReference section */
		7C2D566C6D5A66379E915469 /* XCRemoteSwiftPackageReference "GoogleSignIn-iOS" */ = {
			isa = XCRemoteSwiftPackageReference;
			repositoryURL = "https://github.com/google/GoogleSignIn-iOS.git";
			requirement = {
				kind = upToNextMajorVersion;
				minimumVersion = 9.0.0;
			};
		};
		EDCB74B567F30537ABF68A0D /* XCRemoteSwiftPackageReference "supabase-swift" */ = {
			isa = XCRemoteSwiftPackageReference;
			repositoryURL = "https://github.com/supabase/supabase-swift.git";
			requirement = {
				kind = upToNextMajorVersion;
				minimumVersion = 2.55.2;
			};
		};
/* End XCRemoteSwiftPackageReference section */

/* Begin XCSwiftPackageProductDependency section */
		03B43476EA2FB893683ECF38 /* Supabase */ = {
			isa = XCSwiftPackageProductDependency;
			package = EDCB74B567F30537ABF68A0D /* XCRemoteSwiftPackageReference "supabase-swift" */;
			productName = Supabase;
		};
		956FC67FF5EAA7C4AF90091E /* SomaCore */ = {
			isa = XCSwiftPackageProductDependency;
			productName = SomaCore;
		};
		97B7BD478988CD62A0547E98 /* GoogleSignIn */ = {
			isa = XCSwiftPackageProductDependency;
			package = 7C2D566C6D5A66379E915469 /* XCRemoteSwiftPackageReference "GoogleSignIn-iOS" */;
			productName = GoogleSignIn;
		};
		E5345FF1514A80610454C58E /* SomaCore */ = {
			isa = XCSwiftPackageProductDependency;
			productName = SomaCore;
		};
		EDF1499484A4D833A28DEA04 /* Supabase */ = {
			isa = XCSwiftPackageProductDependency;
			package = EDCB74B567F30537ABF68A0D /* XCRemoteSwiftPackageReference "supabase-swift" */;
			productName = Supabase;
		};
		FF3FC9867A3360936B72E04B /* GoogleSignIn */ = {
			isa = XCSwiftPackageProductDependency;
			package = 7C2D566C6D5A66379E915469 /* XCRemoteSwiftPackageReference "GoogleSignIn-iOS" */;
			productName = GoogleSignIn;
		};
/* End XCSwiftPackageProductDependency section */
	};
	rootObject = 3530B00C378B20039F9DADB3 /* Project object */;
}
