// !$*UTF8*$!
{
	archiveVersion = 1;
	classes = {
	};
	objectVersion = 77;
	objects = {

/* Begin PBXBuildFile section */
		025AB7E45DF16823E8AA56E5 /* MealEditorView.swift in Sources */ = {isa = PBXBuildFile; fileRef = 3CE784A6E3FC335F901CB868 /* MealEditorView.swift */; };
		02CC6718A049EC5A74E42F43 /* AnalysisView.swift in Sources */ = {isa = PBXBuildFile; fileRef = 366C20FFC5747948E9D5D7BE /* AnalysisView.swift */; };
		1424EFD9E48BBBFFCCB8CE13 /* SleepView.swift in Sources */ = {isa = PBXBuildFile; fileRef = CF75933C45481C6489F3B978 /* SleepView.swift */; };
		1481FBD405BD1A418D96F6BD /* DayView.swift in Sources */ = {isa = PBXBuildFile; fileRef = 224766560DE9DD880F8B8101 /* DayView.swift */; };
		19187394B87FFE1385037AA6 /* AppModel.swift in Sources */ = {isa = PBXBuildFile; fileRef = 492A88C4D9678A2D190181FF /* AppModel.swift */; };
		1FAE0E20DC49147233239076 /* Theme.swift in Sources */ = {isa = PBXBuildFile; fileRef = 4F3029B284D51EBBA0D24E58 /* Theme.swift */; };
		1FE2E72CB816BDFC0A87881D /* ScreenScaffold.swift in Sources */ = {isa = PBXBuildFile; fileRef = EE49280B07228D4794AA3ABF /* ScreenScaffold.swift */; };
		2770D220C98F34E717696318 /* ContentStateView.swift in Sources */ = {isa = PBXBuildFile; fileRef = 83CD7BCACDDEB77308BEC82E /* ContentStateView.swift */; };
		2D01BE1E83D2B896C791BEF9 /* SomaApp.swift in Sources */ = {isa = PBXBuildFile; fileRef = 1BB15031A0DA5C0CC3F85D31 /* SomaApp.swift */; };
		2E784271D5577B18A2A3ACC3 /* CompactNavigationBar.swift in Sources */ = {isa = PBXBuildFile; fileRef = 5067655EDC9A9056B4643C48 /* CompactNavigationBar.swift */; };
		328FA273D34D5C1712AF2F6C /* AppModel.swift in Sources */ = {isa = PBXBuildFile; fileRef = 492A88C4D9678A2D190181FF /* AppModel.swift */; };
		3C0F86898BD7E616F5D68A7F /* DomainInsightsView.swift in Sources */ = {isa = PBXBuildFile; fileRef = 4EF8D471F07D6BE1743DE2B7 /* DomainInsightsView.swift */; };
		3CE7E4BB6D0FD9A3A9BC89AF /* ContentStateView.swift in Sources */ = {isa = PBXBuildFile; fileRef = 83CD7BCACDDEB77308BEC82E /* ContentStateView.swift */; };
		3EC11A10F0CB03CCE8F781B0 /* ScreenScaffold.swift in Sources */ = {isa = PBXBuildFile; fileRef = EE49280B07228D4794AA3ABF /* ScreenScaffold.swift */; };
		44190D5494017F084647C798 /* ActivityView.swift in Sources */ = {isa = PBXBuildFile; fileRef = 06CD292F9F511616D2B37913 /* ActivityView.swift */; };
		4C99BF3830DE6A0A80025E57 /* RootView.swift in Sources */ = {isa = PBXBuildFile; fileRef = A9579222E401A8B593A9A8E4 /* RootView.swift */; };
		4D96F85FB10E294E9C6C3BFD /* RecoveryView.swift in Sources */ = {isa = PBXBuildFile; fileRef = 126053CDD274ED65C3271FE1 /* RecoveryView.swift */; };
		4F5A408685DED959E4754573 /* CompactNavigationBar.swift in Sources */ = {isa = PBXBuildFile; fileRef = 5067655EDC9A9056B4643C48 /* CompactNavigationBar.swift */; };
		6507A9B41A52644960A29EC9 /* RecoveryView.swift in Sources */ = {isa = PBXBuildFile; fileRef = 126053CDD274ED65C3271FE1 /* RecoveryView.swift */; };
		6E22D7904BD0127ED11122F0 /* RootView.swift in Sources */ = {isa = PBXBuildFile; fileRef = A9579222E401A8B593A9A8E4 /* RootView.swift */; };
		85DBED51CF77FCA256740787 /* DomainInsightsView.swift in Sources */ = {isa = PBXBuildFile; fileRef = 4EF8D471F07D6BE1743DE2B7 /* DomainInsightsView.swift */; };
		8A69E5E5F21A385ABCBC45F5 /* LoginView.swift in Sources */ = {isa = PBXBuildFile; fileRef = F42CA9D77DB2222DF4BE9806 /* LoginView.swift */; };
		8AA387A1B5873A31D2A14E47 /* DayView.swift in Sources */ = {isa = PBXBuildFile; fileRef = 224766560DE9DD880F8B8101 /* DayView.swift */; };
		93997233AA09299F99FD6A15 /* SomaApp.swift in Sources */ = {isa = PBXBuildFile; fileRef = 1BB15031A0DA5C0CC3F85D31 /* SomaApp.swift */; };
		960661874553A56D0D829517 /* LoginView.swift in Sources */ = {isa = PBXBuildFile; fileRef = F42CA9D77DB2222DF4BE9806 /* LoginView.swift */; };
		99DB573D099599B98B3E02DD /* SettingsView.swift in Sources */ = {isa = PBXBuildFile; fileRef = F5D9F740A2879BAC745CFBB4 /* SettingsView.swift */; };
		9A45C4C96A58A0102C2AC632 /* SettingsView.swift in Sources */ = {isa = PBXBuildFile; fileRef = F5D9F740A2879BAC745CFBB4 /* SettingsView.swift */; };
		B0B935E8D5E617C28234F5AB /* MealEditorView.swift in Sources */ = {isa = PBXBuildFile; fileRef = 3CE784A6E3FC335F901CB868 /* MealEditorView.swift */; };
		B6517F1BA7F662EDA98C2943 /* ActivityView.swift in Sources */ = {isa = PBXBuildFile; fileRef = 06CD292F9F511616D2B37913 /* ActivityView.swift */; };
		B7FF3271D30928FA4578CCDD /* SomaCore in Frameworks */ = {isa = PBXBuildFile; productRef = E5345FF1514A80610454C58E /* SomaCore */; };
		CC4756EE17D413C0A0B15E6C /* AppDestination.swift in Sources */ = {isa = PBXBuildFile; fileRef = 385165A9FC4AE45F368DA7AB /* AppDestination.swift */; };
		D17F44F4F30638054D488065 /* Theme.swift in Sources */ = {isa = PBXBuildFile; fileRef = 4F3029B284D51EBBA0D24E58 /* Theme.swift */; };
		E38434484197AB899222F800 /* MealsOverviewView.swift in Sources */ = {isa = PBXBuildFile; fileRef = E8C00BB85429948B5334F59C /* MealsOverviewView.swift */; };
		E4640FCB42E8ED0FA9C4628E /* MealsOverviewView.swift in Sources */ = {isa = PBXBuildFile; fileRef = E8C00BB85429948B5334F59C /* MealsOverviewView.swift */; };
		ECAA72B94279A96ED624F62D /* AppDestination.swift in Sources */ = {isa = PBXBuildFile; fileRef = 385165A9FC4AE45F368DA7AB /* AppDestination.swift */; };
		F1493FB8A94EAE93A804FEEB /* SomaCore in Frameworks */ = {isa = PBXBuildFile; productRef = 956FC67FF5EAA7C4AF90091E /* SomaCore */; };
		F3800E17B2A40EF792884DCF /* AnalysisView.swift in Sources */ = {isa = PBXBuildFile; fileRef = 366C20FFC5747948E9D5D7BE /* AnalysisView.swift */; };
		FA693144035B221994833C0D /* SleepView.swift in Sources */ = {isa = PBXBuildFile; fileRef = CF75933C45481C6489F3B978 /* SleepView.swift */; };
		A10000000000000000000001 /* ExportView.swift in Sources */ = {isa = PBXBuildFile; fileRef = A10000000000000000000003 /* ExportView.swift */; };
		A10000000000000000000002 /* ExportView.swift in Sources */ = {isa = PBXBuildFile; fileRef = A10000000000000000000003 /* ExportView.swift */; };
		A10000000000000000000004 /* ExportViewModel.swift in Sources */ = {isa = PBXBuildFile; fileRef = A10000000000000000000005 /* ExportViewModel.swift */; };
		A10000000000000000000006 /* ExportViewModel.swift in Sources */ = {isa = PBXBuildFile; fileRef = A10000000000000000000005 /* ExportViewModel.swift */; };
/* End PBXBuildFile section */

/* Begin PBXFileReference section */
		06CD292F9F511616D2B37913 /* ActivityView.swift */ = {isa = PBXFileReference; lastKnownFileType = sourcecode.swift; path = ActivityView.swift; sourceTree = "<group>"; };
		126053CDD274ED65C3271FE1 /* RecoveryView.swift */ = {isa = PBXFileReference; lastKnownFileType = sourcecode.swift; path = RecoveryView.swift; sourceTree = "<group>"; };
		1BB15031A0DA5C0CC3F85D31 /* SomaApp.swift */ = {isa = PBXFileReference; lastKnownFileType = sourcecode.swift; path = SomaApp.swift; sourceTree = "<group>"; };
		224766560DE9DD880F8B8101 /* DayView.swift */ = {isa = PBXFileReference; lastKnownFileType = sourcecode.swift; path = DayView.swift; sourceTree = "<group>"; };
		366C20FFC5747948E9D5D7BE /* AnalysisView.swift */ = {isa = PBXFileReference; lastKnownFileType = sourcecode.swift; path = AnalysisView.swift; sourceTree = "<group>"; };
		385165A9FC4AE45F368DA7AB /* AppDestination.swift */ = {isa = PBXFileReference; lastKnownFileType = sourcecode.swift; path = AppDestination.swift; sourceTree = "<group>"; };
		3CE784A6E3FC335F901CB868 /* MealEditorView.swift */ = {isa = PBXFileReference; lastKnownFileType = sourcecode.swift; path = MealEditorView.swift; sourceTree = "<group>"; };
		492A88C4D9678A2D190181FF /* AppModel.swift */ = {isa = PBXFileReference; lastKnownFileType = sourcecode.swift; path = AppModel.swift; sourceTree = "<group>"; };
		4EF8D471F07D6BE1743DE2B7 /* DomainInsightsView.swift */ = {isa = PBXFileReference; lastKnownFileType = sourcecode.swift; path = DomainInsightsView.swift; sourceTree = "<group>"; };
		4F3029B284D51EBBA0D24E58 /* Theme.swift */ = {isa = PBXFileReference; lastKnownFileType = sourcecode.swift; path = Theme.swift; sourceTree = "<group>"; };
		5067655EDC9A9056B4643C48 /* CompactNavigationBar.swift */ = {isa = PBXFileReference; lastKnownFileType = sourcecode.swift; path = CompactNavigationBar.swift; sourceTree = "<group>"; };
		8220D7C7F80C6EC7643C7AA1 /* Soma-macOS.app */ = {isa = PBXFileReference; explicitFileType = wrapper.application; includeInIndex = 0; path = "Soma-macOS.app"; sourceTree = BUILT_PRODUCTS_DIR; };
		83CD7BCACDDEB77308BEC82E /* ContentStateView.swift */ = {isa = PBXFileReference; lastKnownFileType = sourcecode.swift; path = ContentStateView.swift; sourceTree = "<group>"; };
		A0029706B80FF4C1637F9B92 /* Soma-iOS.app */ = {isa = PBXFileReference; includeInIndex = 0; lastKnownFileType = wrapper.application; path = "Soma-iOS.app"; sourceTree = BUILT_PRODUCTS_DIR; };
		A9579222E401A8B593A9A8E4 /* RootView.swift */ = {isa = PBXFileReference; lastKnownFileType = sourcecode.swift; path = RootView.swift; sourceTree = "<group>"; };
		CF75933C45481C6489F3B978 /* SleepView.swift */ = {isa = PBXFileReference; lastKnownFileType = sourcecode.swift; path = SleepView.swift; sourceTree = "<group>"; };
		DFC7328DB8D4C51258D4B12C /* SomaCore */ = {isa = PBXFileReference; lastKnownFileType = folder; name = SomaCore; path = SomaCore; sourceTree = SOURCE_ROOT; };
		E8C00BB85429948B5334F59C /* MealsOverviewView.swift */ = {isa = PBXFileReference; lastKnownFileType = sourcecode.swift; path = MealsOverviewView.swift; sourceTree = "<group>"; };
		EE49280B07228D4794AA3ABF /* ScreenScaffold.swift */ = {isa = PBXFileReference; lastKnownFileType = sourcecode.swift; path = ScreenScaffold.swift; sourceTree = "<group>"; };
		F42CA9D77DB2222DF4BE9806 /* LoginView.swift */ = {isa = PBXFileReference; lastKnownFileType = sourcecode.swift; path = LoginView.swift; sourceTree = "<group>"; };
		F5D9F740A2879BAC745CFBB4 /* SettingsView.swift */ = {isa = PBXFileReference; lastKnownFileType = sourcecode.swift; path = SettingsView.swift; sourceTree = "<group>"; };
		A10000000000000000000003 /* ExportView.swift */ = {isa = PBXFileReference; lastKnownFileType = sourcecode.swift; path = ExportView.swift; sourceTree = "<group>"; };
		A10000000000000000000005 /* ExportViewModel.swift */ = {isa = PBXFileReference; lastKnownFileType = sourcecode.swift; path = ExportViewModel.swift; sourceTree = "<group>"; };
/* End PBXFileReference section */

/* Begin PBXFrameworksBuildPhase section */
		43053C2603DB8BCE8DDF084A /* Frameworks */ = {
			isa = PBXFrameworksBuildPhase;
			buildActionMask = 2147483647;
			files = (
				B7FF3271D30928FA4578CCDD /* SomaCore in Frameworks */,
			);
			runOnlyForDeploymentPostprocessing = 0;
		};
		73C182F8DBD2FF55A872A4C6 /* Frameworks */ = {
			isa = PBXFrameworksBuildPhase;
			buildActionMask = 2147483647;
			files = (
				F1493FB8A94EAE93A804FEEB /* SomaCore in Frameworks */,
			);
			runOnlyForDeploymentPostprocessing = 0;
		};
/* End PBXFrameworksBuildPhase section */

/* Begin PBXGroup section */
		0F654F680B92EF0DF0EC477F = {
			isa = PBXGroup;
			children = (
				93F83F584100C0A6898372D5 /* Packages */,
				AEDB86E4E75469EB3FBD82D6 /* SomaApp */,
				E07FA46FB33AC1559D6BFC01 /* Products */,
			);
			sourceTree = "<group>";
		};
		2AC2C282B7DA0D90C64263B2 /* Meals */ = {
			isa = PBXGroup;
			children = (
				3CE784A6E3FC335F901CB868 /* MealEditorView.swift */,
			);
			path = Meals;
			sourceTree = "<group>";
		};
		57FD5AEE46E51E22A033B652 /* Screens */ = {
			isa = PBXGroup;
			children = (
				06CD292F9F511616D2B37913 /* ActivityView.swift */,
				83CD7BCACDDEB77308BEC82E /* ContentStateView.swift */,
				4EF8D471F07D6BE1743DE2B7 /* DomainInsightsView.swift */,
				E8C00BB85429948B5334F59C /* MealsOverviewView.swift */,
				126053CDD274ED65C3271FE1 /* RecoveryView.swift */,
				EE49280B07228D4794AA3ABF /* ScreenScaffold.swift */,
				F5D9F740A2879BAC745CFBB4 /* SettingsView.swift */,
				CF75933C45481C6489F3B978 /* SleepView.swift */,
			);
			path = Screens;
			sourceTree = "<group>";
		};
		828FE7A661260687433AF38A /* Navigation */ = {
			isa = PBXGroup;
			children = (
				385165A9FC4AE45F368DA7AB /* AppDestination.swift */,
				5067655EDC9A9056B4643C48 /* CompactNavigationBar.swift */,
			);
			path = Navigation;
			sourceTree = "<group>";
		};
		A10000000000000000000007 /* Export */ = {
			isa = PBXGroup;
			children = (
				A10000000000000000000003 /* ExportView.swift */,
				A10000000000000000000005 /* ExportViewModel.swift */,
			);
			path = Export;
			sourceTree = "<group>";
		};
		93F83F584100C0A6898372D5 /* Packages */ = {
			isa = PBXGroup;
			children = (
				DFC7328DB8D4C51258D4B12C /* SomaCore */,
			);
			name = Packages;
			sourceTree = "<group>";
		};
		AEDB86E4E75469EB3FBD82D6 /* SomaApp */ = {
			isa = PBXGroup;
			children = (
				A10000000000000000000007 /* Export */,
				366C20FFC5747948E9D5D7BE /* AnalysisView.swift */,
				492A88C4D9678A2D190181FF /* AppModel.swift */,
				224766560DE9DD880F8B8101 /* DayView.swift */,
				F42CA9D77DB2222DF4BE9806 /* LoginView.swift */,
				A9579222E401A8B593A9A8E4 /* RootView.swift */,
				1BB15031A0DA5C0CC3F85D31 /* SomaApp.swift */,
				4F3029B284D51EBBA0D24E58 /* Theme.swift */,
				2AC2C282B7DA0D90C64263B2 /* Meals */,
				828FE7A661260687433AF38A /* Navigation */,
				57FD5AEE46E51E22A033B652 /* Screens */,
			);
			path = SomaApp;
			sourceTree = "<group>";
		};
		E07FA46FB33AC1559D6BFC01 /* Products */ = {
			isa = PBXGroup;
			children = (
				A0029706B80FF4C1637F9B92 /* Soma-iOS.app */,
				8220D7C7F80C6EC7643C7AA1 /* Soma-macOS.app */,
			);
			name = Products;
			sourceTree = "<group>";
		};
/* End PBXGroup section */

/* Begin PBXNativeTarget section */
		E158CB8F4490457800DE2E10 /* Soma-macOS */ = {
			isa = PBXNativeTarget;
			buildConfigurationList = A9B56CC6E9D1EF2F899F3D1C /* Build configuration list for PBXNativeTarget "Soma-macOS" */;
			buildPhases = (
				860B61F423C78DD1482E3A85 /* Sources */,
				43053C2603DB8BCE8DDF084A /* Frameworks */,
			);
			buildRules = (
			);
			dependencies = (
			);
			name = "Soma-macOS";
			packageProductDependencies = (
				E5345FF1514A80610454C58E /* SomaCore */,
			);
			productName = "Soma-macOS";
			productReference = 8220D7C7F80C6EC7643C7AA1 /* Soma-macOS.app */;
			productType = "com.apple.product-type.application";
		};
		E7358F49446692D93B8E93F1 /* Soma-iOS */ = {
			isa = PBXNativeTarget;
			buildConfigurationList = B13AC1A474A826D263B63418 /* Build configuration list for PBXNativeTarget "Soma-iOS" */;
			buildPhases = (
				F1DF2A1968F5BA21CB9D6831 /* Sources */,
				73C182F8DBD2FF55A872A4C6 /* Frameworks */,
			);
			buildRules = (
			);
			dependencies = (
			);
			name = "Soma-iOS";
			packageProductDependencies = (
				956FC67FF5EAA7C4AF90091E /* SomaCore */,
			);
			productName = "Soma-iOS";
			productReference = A0029706B80FF4C1637F9B92 /* Soma-iOS.app */;
			productType = "com.apple.product-type.application";
		};
/* End PBXNativeTarget section */

/* Begin PBXProject section */
		3530B00C378B20039F9DADB3 /* Project object */ = {
			isa = PBXProject;
			attributes = {
				BuildIndependentTargetsInParallel = YES;
				LastUpgradeCheck = 1430;
				TargetAttributes = {
					E158CB8F4490457800DE2E10 = {
						DevelopmentTeam = "";
						ProvisioningStyle = Automatic;
					};
					E7358F49446692D93B8E93F1 = {
						DevelopmentTeam = "";
						ProvisioningStyle = Automatic;
					};
				};
			};
			buildConfigurationList = 1DEE23311B6E938E4AC915BA /* Build configuration list for PBXProject "SomaNative" */;
			developmentRegion = en;
			hasScannedForEncodings = 0;
			knownRegions = (
				Base,
				en,
			);
			mainGroup = 0F654F680B92EF0DF0EC477F;
			minimizedProjectReferenceProxies = 1;
			packageReferences = (
				0F9735544DA770C811F6B758 /* XCLocalSwiftPackageReference "SomaCore" */,
			);
			preferredProjectObjectVersion = 77;
			productRefGroup = E07FA46FB33AC1559D6BFC01 /* Products */;
			projectDirPath = "";
			projectRoot = "";
			targets = (
				E7358F49446692D93B8E93F1 /* Soma-iOS */,
				E158CB8F4490457800DE2E10 /* Soma-macOS */,
			);
		};
/* End PBXProject section */

/* Begin PBXSourcesBuildPhase section */
		860B61F423C78DD1482E3A85 /* Sources */ = {
			isa = PBXSourcesBuildPhase;
			buildActionMask = 2147483647;
			files = (
				44190D5494017F084647C798 /* ActivityView.swift in Sources */,
				A10000000000000000000001 /* ExportView.swift in Sources */,
				A10000000000000000000004 /* ExportViewModel.swift in Sources */,
				02CC6718A049EC5A74E42F43 /* AnalysisView.swift in Sources */,
				CC4756EE17D413C0A0B15E6C /* AppDestination.swift in Sources */,
				19187394B87FFE1385037AA6 /* AppModel.swift in Sources */,
				4F5A408685DED959E4754573 /* CompactNavigationBar.swift in Sources */,
				3CE7E4BB6D0FD9A3A9BC89AF /* ContentStateView.swift in Sources */,
				1481FBD405BD1A418D96F6BD /* DayView.swift in Sources */,
				3C0F86898BD7E616F5D68A7F /* DomainInsightsView.swift in Sources */,
				960661874553A56D0D829517 /* LoginView.swift in Sources */,
				B0B935E8D5E617C28234F5AB /* MealEditorView.swift in Sources */,
				E38434484197AB899222F800 /* MealsOverviewView.swift in Sources */,
				4D96F85FB10E294E9C6C3BFD /* RecoveryView.swift in Sources */,
				6E22D7904BD0127ED11122F0 /* RootView.swift in Sources */,
				3EC11A10F0CB03CCE8F781B0 /* ScreenScaffold.swift in Sources */,
				99DB573D099599B98B3E02DD /* SettingsView.swift in Sources */,
				1424EFD9E48BBBFFCCB8CE13 /* SleepView.swift in Sources */,
				2D01BE1E83D2B896C791BEF9 /* SomaApp.swift in Sources */,
				1FAE0E20DC49147233239076 /* Theme.swift in Sources */,
			);
			runOnlyForDeploymentPostprocessing = 0;
		};
		F1DF2A1968F5BA21CB9D6831 /* Sources */ = {
			isa = PBXSourcesBuildPhase;
			buildActionMask = 2147483647;
			files = (
				B6517F1BA7F662EDA98C2943 /* ActivityView.swift in Sources */,
				A10000000000000000000002 /* ExportView.swift in Sources */,
				A10000000000000000000006 /* ExportViewModel.swift in Sources */,
				F3800E17B2A40EF792884DCF /* AnalysisView.swift in Sources */,
				ECAA72B94279A96ED624F62D /* AppDestination.swift in Sources */,
				328FA273D34D5C1712AF2F6C /* AppModel.swift in Sources */,
				2E784271D5577B18A2A3ACC3 /* CompactNavigationBar.swift in Sources */,
				2770D220C98F34E717696318 /* ContentStateView.swift in Sources */,
				8AA387A1B5873A31D2A14E47 /* DayView.swift in Sources */,
				85DBED51CF77FCA256740787 /* DomainInsightsView.swift in Sources */,
				8A69E5E5F21A385ABCBC45F5 /* LoginView.swift in Sources */,
				025AB7E45DF16823E8AA56E5 /* MealEditorView.swift in Sources */,
				E4640FCB42E8ED0FA9C4628E /* MealsOverviewView.swift in Sources */,
				6507A9B41A52644960A29EC9 /* RecoveryView.swift in Sources */,
				4C99BF3830DE6A0A80025E57 /* RootView.swift in Sources */,
				1FE2E72CB816BDFC0A87881D /* ScreenScaffold.swift in Sources */,
				9A45C4C96A58A0102C2AC632 /* SettingsView.swift in Sources */,
				FA693144035B221994833C0D /* SleepView.swift in Sources */,
				93997233AA09299F99FD6A15 /* SomaApp.swift in Sources */,
				D17F44F4F30638054D488065 /* Theme.swift in Sources */,
			);
			runOnlyForDeploymentPostprocessing = 0;
		};
/* End PBXSourcesBuildPhase section */

/* Begin XCBuildConfiguration section */
		1A6EEA68EED899B492419C83 /* Release */ = {
			isa = XCBuildConfiguration;
			buildSettings = {
				ASSETCATALOG_COMPILER_APPICON_NAME = AppIcon;
				COMBINE_HIDPI_IMAGES = YES;
				GENERATE_INFOPLIST_FILE = YES;
				LD_RUNPATH_SEARCH_PATHS = (
					"$(inherited)",
					"@executable_path/../Frameworks",
				);
				PRODUCT_BUNDLE_IDENTIFIER = com.soma.native.macos;
				PRODUCT_NAME = Soma;
				SDKROOT = macosx;
			};
			name = Release;
		};
		69BC7C23789D02A9BAD39B10 /* Debug */ = {
			isa = XCBuildConfiguration;
			buildSettings = {
				ASSETCATALOG_COMPILER_APPICON_NAME = AppIcon;
				CODE_SIGN_IDENTITY = "iPhone Developer";
				GENERATE_INFOPLIST_FILE = YES;
				INFOPLIST_KEY_CFBundleDisplayName = Soma;
				INFOPLIST_KEY_UIApplicationSceneManifest_Generation = YES;
				INFOPLIST_KEY_UILaunchScreen_Generation = YES;
				LD_RUNPATH_SEARCH_PATHS = (
					"$(inherited)",
					"@executable_path/Frameworks",
				);
				PRODUCT_BUNDLE_IDENTIFIER = com.soma.native.ios;
				PRODUCT_NAME = Soma;
				SDKROOT = iphoneos;
				TARGETED_DEVICE_FAMILY = 1;
			};
			name = Debug;
		};
		86EBB9F0A4E5C12524B73240 /* Debug */ = {
			isa = XCBuildConfiguration;
			buildSettings = {
				ASSETCATALOG_COMPILER_APPICON_NAME = AppIcon;
				COMBINE_HIDPI_IMAGES = YES;
				GENERATE_INFOPLIST_FILE = YES;
				LD_RUNPATH_SEARCH_PATHS = (
					"$(inherited)",
					"@executable_path/../Frameworks",
				);
				PRODUCT_BUNDLE_IDENTIFIER = com.soma.native.macos;
				PRODUCT_NAME = Soma;
				SDKROOT = macosx;
			};
			name = Debug;
		};
		AA7A80631117E0BB07852450 /* Release */ = {
			isa = XCBuildConfiguration;
			buildSettings = {
				ASSETCATALOG_COMPILER_APPICON_NAME = AppIcon;
				CODE_SIGN_IDENTITY = "iPhone Developer";
				GENERATE_INFOPLIST_FILE = YES;
				INFOPLIST_KEY_CFBundleDisplayName = Soma;
				INFOPLIST_KEY_UIApplicationSceneManifest_Generation = YES;
				INFOPLIST_KEY_UILaunchScreen_Generation = YES;
				LD_RUNPATH_SEARCH_PATHS = (
					"$(inherited)",
					"@executable_path/Frameworks",
				);
				PRODUCT_BUNDLE_IDENTIFIER = com.soma.native.ios;
				PRODUCT_NAME = Soma;
				SDKROOT = iphoneos;
				TARGETED_DEVICE_FAMILY = 1;
			};
			name = Release;
		};
		E4FBAE9167EC604FEE15239D /* Release */ = {
			isa = XCBuildConfiguration;
			buildSettings = {
				ALWAYS_SEARCH_USER_PATHS = NO;
				CLANG_ANALYZER_NONNULL = YES;
				CLANG_ANALYZER_NUMBER_OBJECT_CONVERSION = YES_AGGRESSIVE;
				CLANG_CXX_LANGUAGE_STANDARD = "gnu++14";
				CLANG_CXX_LIBRARY = "libc++";
				CLANG_ENABLE_MODULES = YES;
				CLANG_ENABLE_OBJC_ARC = YES;
				CLANG_ENABLE_OBJC_WEAK = YES;
				CLANG_WARN_BLOCK_CAPTURE_AUTORELEASING = YES;
				CLANG_WARN_BOOL_CONVERSION = YES;
				CLANG_WARN_COMMA = YES;
				CLANG_WARN_CONSTANT_CONVERSION = YES;
				CLANG_WARN_DEPRECATED_OBJC_IMPLEMENTATIONS = YES;
				CLANG_WARN_DIRECT_OBJC_ISA_USAGE = YES_ERROR;
				CLANG_WARN_DOCUMENTATION_COMMENTS = YES;
				CLANG_WARN_EMPTY_BODY = YES;
				CLANG_WARN_ENUM_CONVERSION = YES;
				CLANG_WARN_INFINITE_RECURSION = YES;
				CLANG_WARN_INT_CONVERSION = YES;
				CLANG_WARN_NON_LITERAL_NULL_CONVERSION = YES;
				CLANG_WARN_OBJC_IMPLICIT_RETAIN_SELF = YES;
				CLANG_WARN_OBJC_LITERAL_CONVERSION = YES;
				CLANG_WARN_OBJC_ROOT_CLASS = YES_ERROR;
				CLANG_WARN_QUOTED_INCLUDE_IN_FRAMEWORK_HEADER = YES;
				CLANG_WARN_RANGE_LOOP_ANALYSIS = YES;
				CLANG_WARN_STRICT_PROTOTYPES = YES;
				CLANG_WARN_SUSPICIOUS_MOVE = YES;
				CLANG_WARN_UNGUARDED_AVAILABILITY = YES_AGGRESSIVE;
				CLANG_WARN_UNREACHABLE_CODE = YES;
				CLANG_WARN__DUPLICATE_METHOD_MATCH = YES;
				CODE_SIGN_STYLE = Automatic;
				COPY_PHASE_STRIP = NO;
				DEBUG_INFORMATION_FORMAT = "dwarf-with-dsym";
				DEVELOPMENT_TEAM = "";
				ENABLE_NS_ASSERTIONS = NO;
				ENABLE_STRICT_OBJC_MSGSEND = YES;
				GCC_C_LANGUAGE_STANDARD = gnu11;
				GCC_NO_COMMON_BLOCKS = YES;
				GCC_WARN_64_TO_32_BIT_CONVERSION = YES;
				GCC_WARN_ABOUT_RETURN_TYPE = YES_ERROR;
				GCC_WARN_UNDECLARED_SELECTOR = YES;
				GCC_WARN_UNINITIALIZED_AUTOS = YES_AGGRESSIVE;
				GCC_WARN_UNUSED_FUNCTION = YES;
				GCC_WARN_UNUSED_VARIABLE = YES;
				IPHONEOS_DEPLOYMENT_TARGET = 26.0;
				MACOSX_DEPLOYMENT_TARGET = 26.0;
				MTL_ENABLE_DEBUG_INFO = NO;
				MTL_FAST_MATH = YES;
				PRODUCT_NAME = "$(TARGET_NAME)";
				SWIFT_COMPILATION_MODE = wholemodule;
				SWIFT_OPTIMIZATION_LEVEL = "-O";
				SWIFT_VERSION = 6.0;
			};
			name = Release;
		};
		F5A88686953B931E69DA1455 /* Debug */ = {
			isa = XCBuildConfiguration;
			buildSettings = {
				ALWAYS_SEARCH_USER_PATHS = NO;
				CLANG_ANALYZER_NONNULL = YES;
				CLANG_ANALYZER_NUMBER_OBJECT_CONVERSION = YES_AGGRESSIVE;
				CLANG_CXX_LANGUAGE_STANDARD = "gnu++14";
				CLANG_CXX_LIBRARY = "libc++";
				CLANG_ENABLE_MODULES = YES;
				CLANG_ENABLE_OBJC_ARC = YES;
				CLANG_ENABLE_OBJC_WEAK = YES;
				CLANG_WARN_BLOCK_CAPTURE_AUTORELEASING = YES;
				CLANG_WARN_BOOL_CONVERSION = YES;
				CLANG_WARN_COMMA = YES;
				CLANG_WARN_CONSTANT_CONVERSION = YES;
				CLANG_WARN_DEPRECATED_OBJC_IMPLEMENTATIONS = YES;
				CLANG_WARN_DIRECT_OBJC_ISA_USAGE = YES_ERROR;
				CLANG_WARN_DOCUMENTATION_COMMENTS = YES;
				CLANG_WARN_EMPTY_BODY = YES;
				CLANG_WARN_ENUM_CONVERSION = YES;
				CLANG_WARN_INFINITE_RECURSION = YES;
				CLANG_WARN_INT_CONVERSION = YES;
				CLANG_WARN_NON_LITERAL_NULL_CONVERSION = YES;
				CLANG_WARN_OBJC_IMPLICIT_RETAIN_SELF = YES;
				CLANG_WARN_OBJC_LITERAL_CONVERSION = YES;
				CLANG_WARN_OBJC_ROOT_CLASS = YES_ERROR;
				CLANG_WARN_QUOTED_INCLUDE_IN_FRAMEWORK_HEADER = YES;
				CLANG_WARN_RANGE_LOOP_ANALYSIS = YES;
				CLANG_WARN_STRICT_PROTOTYPES = YES;
				CLANG_WARN_SUSPICIOUS_MOVE = YES;
				CLANG_WARN_UNGUARDED_AVAILABILITY = YES_AGGRESSIVE;
				CLANG_WARN_UNREACHABLE_CODE = YES;
				CLANG_WARN__DUPLICATE_METHOD_MATCH = YES;
				CODE_SIGN_STYLE = Automatic;
				COPY_PHASE_STRIP = NO;
				DEBUG_INFORMATION_FORMAT = dwarf;
				DEVELOPMENT_TEAM = "";
				ENABLE_STRICT_OBJC_MSGSEND = YES;
				ENABLE_TESTABILITY = YES;
				GCC_C_LANGUAGE_STANDARD = gnu11;
				GCC_DYNAMIC_NO_PIC = NO;
				GCC_NO_COMMON_BLOCKS = YES;
				GCC_OPTIMIZATION_LEVEL = 0;
				GCC_PREPROCESSOR_DEFINITIONS = (
					"$(inherited)",
					"DEBUG=1",
				);
				GCC_WARN_64_TO_32_BIT_CONVERSION = YES;
				GCC_WARN_ABOUT_RETURN_TYPE = YES_ERROR;
				GCC_WARN_UNDECLARED_SELECTOR = YES;
				GCC_WARN_UNINITIALIZED_AUTOS = YES_AGGRESSIVE;
				GCC_WARN_UNUSED_FUNCTION = YES;
				GCC_WARN_UNUSED_VARIABLE = YES;
				IPHONEOS_DEPLOYMENT_TARGET = 26.0;
				MACOSX_DEPLOYMENT_TARGET = 26.0;
				MTL_ENABLE_DEBUG_INFO = INCLUDE_SOURCE;
				MTL_FAST_MATH = YES;
				ONLY_ACTIVE_ARCH = YES;
				PRODUCT_NAME = "$(TARGET_NAME)";
				SWIFT_ACTIVE_COMPILATION_CONDITIONS = DEBUG;
				SWIFT_OPTIMIZATION_LEVEL = "-Onone";
				SWIFT_VERSION = 6.0;
			};
			name = Debug;
		};
/* End XCBuildConfiguration section */

/* Begin XCConfigurationList section */
		1DEE23311B6E938E4AC915BA /* Build configuration list for PBXProject "SomaNative" */ = {
			isa = XCConfigurationList;
			buildConfigurations = (
				F5A88686953B931E69DA1455 /* Debug */,
				E4FBAE9167EC604FEE15239D /* Release */,
			);
			defaultConfigurationIsVisible = 0;
			defaultConfigurationName = Debug;
		};
		A9B56CC6E9D1EF2F899F3D1C /* Build configuration list for PBXNativeTarget "Soma-macOS" */ = {
			isa = XCConfigurationList;
			buildConfigurations = (
				86EBB9F0A4E5C12524B73240 /* Debug */,
				1A6EEA68EED899B492419C83 /* Release */,
			);
			defaultConfigurationIsVisible = 0;
			defaultConfigurationName = Debug;
		};
		B13AC1A474A826D263B63418 /* Build configuration list for PBXNativeTarget "Soma-iOS" */ = {
			isa = XCConfigurationList;
			buildConfigurations = (
				69BC7C23789D02A9BAD39B10 /* Debug */,
				AA7A80631117E0BB07852450 /* Release */,
			);
			defaultConfigurationIsVisible = 0;
			defaultConfigurationName = Debug;
		};
/* End XCConfigurationList section */

/* Begin XCLocalSwiftPackageReference section */
		0F9735544DA770C811F6B758 /* XCLocalSwiftPackageReference "SomaCore" */ = {
			isa = XCLocalSwiftPackageReference;
			relativePath = SomaCore;
		};
/* End XCLocalSwiftPackageReference section */

/* Begin XCSwiftPackageProductDependency section */
		956FC67FF5EAA7C4AF90091E /* SomaCore */ = {
			isa = XCSwiftPackageProductDependency;
			productName = SomaCore;
		};
		E5345FF1514A80610454C58E /* SomaCore */ = {
			isa = XCSwiftPackageProductDependency;
			productName = SomaCore;
		};
/* End XCSwiftPackageProductDependency section */
	};
	rootObject = 3530B00C378B20039F9DADB3 /* Project object */;
}
